// !$*UTF8*$!
{
	archiveVersion = 1;
	classes = {
	};
	objectVersion = 46;
	objects = {

/* Begin PBXBuildFile section */
		34B71FB7B5EA1E6EC0AD84AB /* Pods_ConfigurationBasedButton_Example.framework in Frameworks */ = {isa = PBXBuildFile; fileRef = 394603F67ACF25B85832615A /* Pods_ConfigurationBasedButton_Example.framework */; };
		424A15BA69187A8EC93F4226 /* Pods_ConfigurationBasedButton_Tests.framework in Frameworks */ = {isa = PBXBuildFile; fileRef = 3424C853402EF2F16808B7BD /* Pods_ConfigurationBasedButton_Tests.framework */; };
		607FACD61AFB9204008FA782 /* AppDelegate.swift in Sources */ = {isa = PBXBuildFile; fileRef = 607FACD51AFB9204008FA782 /* AppDelegate.swift */; };
		607FACD81AFB9204008FA782 /* ViewController.swift in Sources */ = {isa = PBXBuildFile; fileRef = 607FACD71AFB9204008FA782 /* ViewController.swift */; };
		607FACDD1AFB9204008FA782 /* Images.xcassets in Resources */ = {isa = PBXBuildFile; fileRef = 607FACDC1AFB9204008FA782 /* Images.xcassets */; };
		607FACE01AFB9204008FA782 /* LaunchScreen.xib in Resources */ = {isa = PBXBuildFile; fileRef = 607FACDE1AFB9204008FA782 /* LaunchScreen.xib */; };
		607FACEC1AFB9204008FA782 /* Tests.swift in Sources */ = {isa = PBXBuildFile; fileRef = 607FACEB1AFB9204008FA782 /* Tests.swift */; };
		778EAA7328B8C32700E0460C /* ConfigurationBasedButtonViewController.swift in Sources */ = {isa = PBXBuildFile; fileRef = 778EAA7228B8C32700E0460C /* ConfigurationBasedButtonViewController.swift */; };
		778EAA7528B8C33F00E0460C /* Main.storyboard in Resources */ = {isa = PBXBuildFile; fileRef = 778EAA7428B8C33F00E0460C /* Main.storyboard */; };
		778EAB6028B8D0DC00E0460C /* BackgroundViewController.swift in Sources */ = {isa = PBXBuildFile; fileRef = 778EAB5F28B8D0DC00E0460C /* BackgroundViewController.swift */; };
		77E7EDDE28BB123E00329BCC /* LKS_LocalInspectPanelLabelView.m in Sources */ = {isa = PBXBuildFile; fileRef = 77E7ED4128BB123E00329BCC /* LKS_LocalInspectPanelLabelView.m */; };
		77E7EDDF28BB123E00329BCC /* LKS_LocalInspectManager.m in Sources */ = {isa = PBXBuildFile; fileRef = 77E7ED4228BB123E00329BCC /* LKS_LocalInspectManager.m */; };
		77E7EDE028BB123E00329BCC /* LKS_LocalInspectViewController.m in Sources */ = {isa = PBXBuildFile; fileRef = 77E7ED4328BB123E00329BCC /* LKS_LocalInspectViewController.m */; };
		77E7EDE128BB123E00329BCC /* UIImage+LookinServer.m in Sources */ = {isa = PBXBuildFile; fileRef = 77E7ED4B28BB123E00329BCC /* UIImage+LookinServer.m */; };
		77E7EDE228BB123E00329BCC /* UITableView+LookinServer.m in Sources */ = {isa = PBXBuildFile; fileRef = 77E7ED5428BB123E00329BCC /* UITableView+LookinServer.m */; };
		77E7EDE328BB123E00329BCC /* UIViewController+LookinServer.m in Sources */ = {isa = PBXBuildFile; fileRef = 77E7ED5528BB123E00329BCC /* UIViewController+LookinServer.m */; };
		77E7EDE428BB123E00329BCC /* UIView+LookinServer.m in Sources */ = {isa = PBXBuildFile; fileRef = 77E7ED5628BB123E00329BCC /* UIView+LookinServer.m */; };
		77E7EDE528BB123E00329BCC /* UITextField+LookinServer.m in Sources */ = {isa = PBXBuildFile; fileRef = 77E7ED5728BB123E00329BCC /* UITextField+LookinServer.m */; };
		77E7EDE628BB123E00329BCC /* UIVisualEffectView+LookinServer.m in Sources */ = {isa = PBXBuildFile; fileRef = 77E7ED5928BB123E00329BCC /* UIVisualEffectView+LookinServer.m */; };
		77E7EDE728BB123E00329BCC /* UILabel+LookinServer.m in Sources */ = {isa = PBXBuildFile; fileRef = 77E7ED5A28BB123E00329BCC /* UILabel+LookinServer.m */; };
		77E7EDE828BB123E00329BCC /* UITextView+LookinServer.m in Sources */ = {isa = PBXBuildFile; fileRef = 77E7ED5B28BB123E00329BCC /* UITextView+LookinServer.m */; };
		77E7EDE928BB123E00329BCC /* CALayer+LookinServer.m in Sources */ = {isa = PBXBuildFile; fileRef = 77E7ED5C28BB123E00329BCC /* CALayer+LookinServer.m */; };
		77E7EDEA28BB123E00329BCC /* UIBlurEffect+LookinServer.m in Sources */ = {isa = PBXBuildFile; fileRef = 77E7ED5D28BB123E00329BCC /* UIBlurEffect+LookinServer.m */; };
		77E7EDEB28BB123E00329BCC /* UIColor+LookinServer.m in Sources */ = {isa = PBXBuildFile; fileRef = 77E7ED5E28BB123E00329BCC /* UIColor+LookinServer.m */; };
		77E7EDEC28BB123E00329BCC /* NSObject+LookinServer.m in Sources */ = {isa = PBXBuildFile; fileRef = 77E7ED5F28BB123E00329BCC /* NSObject+LookinServer.m */; };
		77E7EDED28BB123E00329BCC /* UIGestureRecognizer+LookinServer.m in Sources */ = {isa = PBXBuildFile; fileRef = 77E7ED6028BB123E00329BCC /* UIGestureRecognizer+LookinServer.m */; };
		77E7EDEE28BB123E00329BCC /* UIImageView+LookinServer.m in Sources */ = {isa = PBXBuildFile; fileRef = 77E7ED6128BB123E00329BCC /* UIImageView+LookinServer.m */; };
		77E7EDEF28BB123E00329BCC /* LKS_AttrModificationHandler.m in Sources */ = {isa = PBXBuildFile; fileRef = 77E7ED6428BB123E00329BCC /* LKS_AttrModificationHandler.m */; };
		77E7EDF028BB123E00329BCC /* LKS_HierarchyDetailsHandler.m in Sources */ = {isa = PBXBuildFile; fileRef = 77E7ED6728BB123E00329BCC /* LKS_HierarchyDetailsHandler.m */; };
		77E7EDF128BB123E00329BCC /* LKS_AttrModificationPatchHandler.m in Sources */ = {isa = PBXBuildFile; fileRef = 77E7ED6928BB123E00329BCC /* LKS_AttrModificationPatchHandler.m */; };
		77E7EDF228BB123E00329BCC /* LKS_ConnectionManager.m in Sources */ = {isa = PBXBuildFile; fileRef = 77E7ED6A28BB123E00329BCC /* LKS_ConnectionManager.m */; };
		77E7EDF328BB123E00329BCC /* LKS_RequestHandler.m in Sources */ = {isa = PBXBuildFile; fileRef = 77E7ED6B28BB123E00329BCC /* LKS_RequestHandler.m */; };
		77E7EDF428BB123E00329BCC /* LKS_TraceManager.m in Sources */ = {isa = PBXBuildFile; fileRef = 77E7ED7328BB123E00329BCC /* LKS_TraceManager.m */; };
		77E7EDF528BB123E00329BCC /* LKS_ExportManager.m in Sources */ = {isa = PBXBuildFile; fileRef = 77E7ED7728BB123E00329BCC /* LKS_ExportManager.m */; };
		77E7EDF628BB123E00329BCC /* LKS_MethodTraceManager.m in Sources */ = {isa = PBXBuildFile; fileRef = 77E7ED7828BB123E00329BCC /* LKS_MethodTraceManager.m */; };
		77E7EDF728BB123E00329BCC /* LKS_HierarchyDisplayItemsMaker.m in Sources */ = {isa = PBXBuildFile; fileRef = 77E7ED7928BB123E00329BCC /* LKS_HierarchyDisplayItemsMaker.m */; };
		77E7EDF828BB123E00329BCC /* LKS_ObjectRegistry.m in Sources */ = {isa = PBXBuildFile; fileRef = 77E7ED7A28BB123E00329BCC /* LKS_ObjectRegistry.m */; };
		77E7EDF928BB123E00329BCC /* LKS_AttrGroupsMaker.m in Sources */ = {isa = PBXBuildFile; fileRef = 77E7ED7C28BB123E00329BCC /* LKS_AttrGroupsMaker.m */; };
		77E7EDFA28BB123E00329BCC /* LKS_Helper.m in Sources */ = {isa = PBXBuildFile; fileRef = 77E7ED7D28BB123E00329BCC /* LKS_Helper.m */; };
		77E7EDFB28BB123E00329BCC /* LKS_EventHandlerMaker.m in Sources */ = {isa = PBXBuildFile; fileRef = 77E7ED7F28BB123E00329BCC /* LKS_EventHandlerMaker.m */; };
		77E7EDFC28BB123E00329BCC /* LKS_PerspectiveLayer.m in Sources */ = {isa = PBXBuildFile; fileRef = 77E7ED8228BB123E00329BCC /* LKS_PerspectiveLayer.m */; };
		77E7EDFD28BB123E00329BCC /* LKS_PerspectiveManager.m in Sources */ = {isa = PBXBuildFile; fileRef = 77E7ED8628BB123E00329BCC /* LKS_PerspectiveManager.m */; };
		77E7EDFE28BB123E00329BCC /* LKS_PerspectiveViewController.m in Sources */ = {isa = PBXBuildFile; fileRef = 77E7ED8928BB123E00329BCC /* LKS_PerspectiveViewController.m */; };
		77E7EDFF28BB123E00329BCC /* LKS_PerspectiveToolbarButtons.m in Sources */ = {isa = PBXBuildFile; fileRef = 77E7ED8B28BB123E00329BCC /* LKS_PerspectiveToolbarButtons.m */; };
		77E7EE0028BB123E00329BCC /* LKS_PerspectiveHierarchyView.m in Sources */ = {isa = PBXBuildFile; fileRef = 77E7ED8C28BB123E00329BCC /* LKS_PerspectiveHierarchyView.m */; };
		77E7EE0128BB123E00329BCC /* LKS_PerspectiveDataSource.m in Sources */ = {isa = PBXBuildFile; fileRef = 77E7ED8D28BB123E00329BCC /* LKS_PerspectiveDataSource.m */; };
		77E7EE0228BB123E00329BCC /* LKS_PerspectiveHierarchyCell.m in Sources */ = {isa = PBXBuildFile; fileRef = 77E7ED8F28BB123E00329BCC /* LKS_PerspectiveHierarchyCell.m */; };
		77E7EE0328BB123E00329BCC /* LKS_PerspectiveItemLayer.m in Sources */ = {isa = PBXBuildFile; fileRef = 77E7ED9028BB123E00329BCC /* LKS_PerspectiveItemLayer.m */; };
		77E7EE0428BB123E00329BCC /* LookinAttributesGroup.m in Sources */ = {isa = PBXBuildFile; fileRef = 77E7ED9528BB123E00329BCC /* LookinAttributesGroup.m */; };
		77E7EE0528BB123E00329BCC /* LookinEventHandler.m in Sources */ = {isa = PBXBuildFile; fileRef = 77E7ED9828BB123E00329BCC /* LookinEventHandler.m */; };
		77E7EE0628BB123E00329BCC /* LookinDisplayItem.m in Sources */ = {isa = PBXBuildFile; fileRef = 77E7ED9928BB123E00329BCC /* LookinDisplayItem.m */; };
		77E7EE0728BB123E00329BCC /* LookinIvarTrace.m in Sources */ = {isa = PBXBuildFile; fileRef = 77E7ED9A28BB123E00329BCC /* LookinIvarTrace.m */; };
		77E7EE0828BB123E00329BCC /* NSString+Lookin.m in Sources */ = {isa = PBXBuildFile; fileRef = 77E7ED9C28BB123E00329BCC /* NSString+Lookin.m */; };
		77E7EE0928BB123E00329BCC /* NSArray+Lookin.m in Sources */ = {isa = PBXBuildFile; fileRef = 77E7ED9D28BB123E00329BCC /* NSArray+Lookin.m */; };
		77E7EE0A28BB123E00329BCC /* Image+Lookin.m in Sources */ = {isa = PBXBuildFile; fileRef = 77E7ED9E28BB123E00329BCC /* Image+Lookin.m */; };
		77E7EE0B28BB123E00329BCC /* NSSet+Lookin.m in Sources */ = {isa = PBXBuildFile; fileRef = 77E7ED9F28BB123E00329BCC /* NSSet+Lookin.m */; };
		77E7EE0C28BB123E00329BCC /* CALayer+Lookin.m in Sources */ = {isa = PBXBuildFile; fileRef = 77E7EDA028BB123E00329BCC /* CALayer+Lookin.m */; };
		77E7EE0D28BB123E00329BCC /* NSObject+Lookin.m in Sources */ = {isa = PBXBuildFile; fileRef = 77E7EDA828BB123E00329BCC /* NSObject+Lookin.m */; };
		77E7EE0E28BB123E00329BCC /* Color+Lookin.m in Sources */ = {isa = PBXBuildFile; fileRef = 77E7EDA928BB123E00329BCC /* Color+Lookin.m */; };
		77E7EE0F28BB123E00329BCC /* LookinMethodTraceRecord.m in Sources */ = {isa = PBXBuildFile; fileRef = 77E7EDAD28BB123E00329BCC /* LookinMethodTraceRecord.m */; };
		77E7EE1028BB123E00329BCC /* LookinObject.m in Sources */ = {isa = PBXBuildFile; fileRef = 77E7EDAF28BB123E00329BCC /* LookinObject.m */; };
		77E7EE1128BB123E00329BCC /* LookinMsgAttribute.m in Sources */ = {isa = PBXBuildFile; fileRef = 77E7EDB128BB123E00329BCC /* LookinMsgAttribute.m */; };
		77E7EE1228BB123E00329BCC /* LookinMsgTargetAction.m in Sources */ = {isa = PBXBuildFile; fileRef = 77E7EDB228BB123E00329BCC /* LookinMsgTargetAction.m */; };
		77E7EE1328BB123E00329BCC /* LookinAutoLayoutConstraint.m in Sources */ = {isa = PBXBuildFile; fileRef = 77E7EDB728BB123E00329BCC /* LookinAutoLayoutConstraint.m */; };
		77E7EE1428BB123E00329BCC /* LookinConnectionResponseAttachment.m in Sources */ = {isa = PBXBuildFile; fileRef = 77E7EDB828BB123E00329BCC /* LookinConnectionResponseAttachment.m */; };
		77E7EE1528BB123E00329BCC /* LookinTuple.m in Sources */ = {isa = PBXBuildFile; fileRef = 77E7EDB928BB123E00329BCC /* LookinTuple.m */; };
		77E7EE1628BB123E00329BCC /* LookinAppInfo.m in Sources */ = {isa = PBXBuildFile; fileRef = 77E7EDBA28BB123E00329BCC /* LookinAppInfo.m */; };
		77E7EE1728BB123E00329BCC /* LookinHierarchyFile.m in Sources */ = {isa = PBXBuildFile; fileRef = 77E7EDBB28BB123E00329BCC /* LookinHierarchyFile.m */; };
		77E7EE1828BB123E00329BCC /* LookinConnectionAttachment.m in Sources */ = {isa = PBXBuildFile; fileRef = 77E7EDBC28BB123E00329BCC /* LookinConnectionAttachment.m */; };
		77E7EE1928BB123E00329BCC /* LookinDisplayItemDetail.m in Sources */ = {isa = PBXBuildFile; fileRef = 77E7EDBE28BB123E00329BCC /* LookinDisplayItemDetail.m */; };
		77E7EE1A28BB123E00329BCC /* Lookin_PTChannel.m in Sources */ = {isa = PBXBuildFile; fileRef = 77E7EDC028BB123E00329BCC /* Lookin_PTChannel.m */; };
		77E7EE1B28BB123E00329BCC /* Lookin_PTProtocol.m in Sources */ = {isa = PBXBuildFile; fileRef = 77E7EDC228BB123E00329BCC /* Lookin_PTProtocol.m */; };
		77E7EE1C28BB123E00329BCC /* Lookin_PTUSBHub.m in Sources */ = {isa = PBXBuildFile; fileRef = 77E7EDC428BB123E00329BCC /* Lookin_PTUSBHub.m */; };
		77E7EE1D28BB123E00329BCC /* LookinAttribute.m in Sources */ = {isa = PBXBuildFile; fileRef = 77E7EDC828BB123E00329BCC /* LookinAttribute.m */; };
		77E7EE1E28BB123E00329BCC /* LookinStaticAsyncUpdateTask.m in Sources */ = {isa = PBXBuildFile; fileRef = 77E7EDCD28BB123E00329BCC /* LookinStaticAsyncUpdateTask.m */; };
		77E7EE1F28BB123E00329BCC /* LookinAttrIdentifiers.m in Sources */ = {isa = PBXBuildFile; fileRef = 77E7EDCE28BB123E00329BCC /* LookinAttrIdentifiers.m */; };
		77E7EE2028BB123E00329BCC /* LookinWeakContainer.m in Sources */ = {isa = PBXBuildFile; fileRef = 77E7EDD028BB123E00329BCC /* LookinWeakContainer.m */; };
		77E7EE2128BB123E00329BCC /* LookinAttributeModification.m in Sources */ = {isa = PBXBuildFile; fileRef = 77E7EDD128BB123E00329BCC /* LookinAttributeModification.m */; };
		77E7EE2228BB123E00329BCC /* LookinAttributesSection.m in Sources */ = {isa = PBXBuildFile; fileRef = 77E7EDD228BB123E00329BCC /* LookinAttributesSection.m */; };
		77E7EE2328BB123E00329BCC /* LookinHierarchyInfo.m in Sources */ = {isa = PBXBuildFile; fileRef = 77E7EDD928BB123E00329BCC /* LookinHierarchyInfo.m */; };
		77E7EE2428BB123E00329BCC /* LookinDashboardBlueprint.m in Sources */ = {isa = PBXBuildFile; fileRef = 77E7EDDA28BB123E00329BCC /* LookinDashboardBlueprint.m */; };
/* End PBXBuildFile section */

/* Begin PBXContainerItemProxy section */
		607FACE61AFB9204008FA782 /* PBXContainerItemProxy */ = {
			isa = PBXContainerItemProxy;
			containerPortal = 607FACC81AFB9204008FA782 /* Project object */;
			proxyType = 1;
			remoteGlobalIDString = 607FACCF1AFB9204008FA782;
			remoteInfo = ConfigurationBasedButton;
		};
/* End PBXContainerItemProxy section */

/* Begin PBXFileReference section */
		0552D7C451CBCBEE8758003D /* Pods-ConfigurationBasedButton_Tests.debug.xcconfig */ = {isa = PBXFileReference; includeInIndex = 1; lastKnownFileType = text.xcconfig; name = "Pods-ConfigurationBasedButton_Tests.debug.xcconfig"; path = "Target Support Files/Pods-ConfigurationBasedButton_Tests/Pods-ConfigurationBasedButton_Tests.debug.xcconfig"; sourceTree = "<group>"; };
		2C292FD8DE27F154A4203B41 /* Pods-ConfigurationBasedButton_Example.debug.xcconfig */ = {isa = PBXFileReference; includeInIndex = 1; lastKnownFileType = text.xcconfig; name = "Pods-ConfigurationBasedButton_Example.debug.xcconfig"; path = "Target Support Files/Pods-ConfigurationBasedButton_Example/Pods-ConfigurationBasedButton_Example.debug.xcconfig"; sourceTree = "<group>"; };
		3424C853402EF2F16808B7BD /* Pods_ConfigurationBasedButton_Tests.framework */ = {isa = PBXFileReference; explicitFileType = wrapper.framework; includeInIndex = 0; path = Pods_ConfigurationBasedButton_Tests.framework; sourceTree = BUILT_PRODUCTS_DIR; };
		394603F67ACF25B85832615A /* Pods_ConfigurationBasedButton_Example.framework */ = {isa = PBXFileReference; explicitFileType = wrapper.framework; includeInIndex = 0; path = Pods_ConfigurationBasedButton_Example.framework; sourceTree = BUILT_PRODUCTS_DIR; };
		607FACD01AFB9204008FA782 /* ConfigurationBasedButton_Example.app */ = {isa = PBXFileReference; explicitFileType = wrapper.application; includeInIndex = 0; path = ConfigurationBasedButton_Example.app; sourceTree = BUILT_PRODUCTS_DIR; };
		607FACD41AFB9204008FA782 /* Info.plist */ = {isa = PBXFileReference; lastKnownFileType = text.plist.xml; path = Info.plist; sourceTree = "<group>"; };
		607FACD51AFB9204008FA782 /* AppDelegate.swift */ = {isa = PBXFileReference; lastKnownFileType = sourcecode.swift; path = AppDelegate.swift; sourceTree = "<group>"; };
		607FACD71AFB9204008FA782 /* ViewController.swift */ = {isa = PBXFileReference; lastKnownFileType = sourcecode.swift; path = ViewController.swift; sourceTree = "<group>"; };
		607FACDC1AFB9204008FA782 /* Images.xcassets */ = {isa = PBXFileReference; lastKnownFileType = folder.assetcatalog; path = Images.xcassets; sourceTree = "<group>"; };
		607FACDF1AFB9204008FA782 /* Base */ = {isa = PBXFileReference; lastKnownFileType = file.xib; name = Base; path = Base.lproj/LaunchScreen.xib; sourceTree = "<group>"; };
		607FACE51AFB9204008FA782 /* ConfigurationBasedButton_Tests.xctest */ = {isa = PBXFileReference; explicitFileType = wrapper.cfbundle; includeInIndex = 0; path = ConfigurationBasedButton_Tests.xctest; sourceTree = BUILT_PRODUCTS_DIR; };
		607FACEA1AFB9204008FA782 /* Info.plist */ = {isa = PBXFileReference; lastKnownFileType = text.plist.xml; path = Info.plist; sourceTree = "<group>"; };
		607FACEB1AFB9204008FA782 /* Tests.swift */ = {isa = PBXFileReference; lastKnownFileType = sourcecode.swift; path = Tests.swift; sourceTree = "<group>"; };
		778EAA7228B8C32700E0460C /* ConfigurationBasedButtonViewController.swift */ = {isa = PBXFileReference; fileEncoding = 4; lastKnownFileType = sourcecode.swift; path = ConfigurationBasedButtonViewController.swift; sourceTree = "<group>"; };
		778EAA7428B8C33F00E0460C /* Main.storyboard */ = {isa = PBXFileReference; fileEncoding = 4; lastKnownFileType = file.storyboard; path = Main.storyboard; sourceTree = "<group>"; };
		778EAB5F28B8D0DC00E0460C /* BackgroundViewController.swift */ = {isa = PBXFileReference; lastKnownFileType = sourcecode.swift; path = BackgroundViewController.swift; sourceTree = "<group>"; };
		77E7ED3F28BB123E00329BCC /* LKS_LocalInspectManager.h */ = {isa = PBXFileReference; fileEncoding = 4; lastKnownFileType = sourcecode.c.h; path = LKS_LocalInspectManager.h; sourceTree = "<group>"; };
		77E7ED4028BB123E00329BCC /* LKS_LocalInspectViewController.h */ = {isa = PBXFileReference; fileEncoding = 4; lastKnownFileType = sourcecode.c.h; path = LKS_LocalInspectViewController.h; sourceTree = "<group>"; };
		77E7ED4128BB123E00329BCC /* LKS_LocalInspectPanelLabelView.m */ = {isa = PBXFileReference; fileEncoding = 4; lastKnownFileType = sourcecode.c.objc; path = LKS_LocalInspectPanelLabelView.m; sourceTree = "<group>"; };
		77E7ED4228BB123E00329BCC /* LKS_LocalInspectManager.m */ = {isa = PBXFileReference; fileEncoding = 4; lastKnownFileType = sourcecode.c.objc; path = LKS_LocalInspectManager.m; sourceTree = "<group>"; };
		77E7ED4328BB123E00329BCC /* LKS_LocalInspectViewController.m */ = {isa = PBXFileReference; fileEncoding = 4; lastKnownFileType = sourcecode.c.objc; path = LKS_LocalInspectViewController.m; sourceTree = "<group>"; };
		77E7ED4428BB123E00329BCC /* LKS_LocalInspectPanelLabelView.h */ = {isa = PBXFileReference; fileEncoding = 4; lastKnownFileType = sourcecode.c.h; path = LKS_LocalInspectPanelLabelView.h; sourceTree = "<group>"; };
		77E7ED4628BB123E00329BCC /* UIView+LookinServer.h */ = {isa = PBXFileReference; fileEncoding = 4; lastKnownFileType = sourcecode.c.h; path = "UIView+LookinServer.h"; sourceTree = "<group>"; };
		77E7ED4728BB123E00329BCC /* UIViewController+LookinServer.h */ = {isa = PBXFileReference; fileEncoding = 4; lastKnownFileType = sourcecode.c.h; path = "UIViewController+LookinServer.h"; sourceTree = "<group>"; };
		77E7ED4828BB123E00329BCC /* UITableView+LookinServer.h */ = {isa = PBXFileReference; fileEncoding = 4; lastKnownFileType = sourcecode.c.h; path = "UITableView+LookinServer.h"; sourceTree = "<group>"; };
		77E7ED4928BB123E00329BCC /* UILabel+LookinServer.h */ = {isa = PBXFileReference; fileEncoding = 4; lastKnownFileType = sourcecode.c.h; path = "UILabel+LookinServer.h"; sourceTree = "<group>"; };
		77E7ED4A28BB123E00329BCC /* UIVisualEffectView+LookinServer.h */ = {isa = PBXFileReference; fileEncoding = 4; lastKnownFileType = sourcecode.c.h; path = "UIVisualEffectView+LookinServer.h"; sourceTree = "<group>"; };
		77E7ED4B28BB123E00329BCC /* UIImage+LookinServer.m */ = {isa = PBXFileReference; fileEncoding = 4; lastKnownFileType = sourcecode.c.objc; path = "UIImage+LookinServer.m"; sourceTree = "<group>"; };
		77E7ED4C28BB123E00329BCC /* UITextField+LookinServer.h */ = {isa = PBXFileReference; fileEncoding = 4; lastKnownFileType = sourcecode.c.h; path = "UITextField+LookinServer.h"; sourceTree = "<group>"; };
		77E7ED4D28BB123E00329BCC /* NSObject+LookinServer.h */ = {isa = PBXFileReference; fileEncoding = 4; lastKnownFileType = sourcecode.c.h; path = "NSObject+LookinServer.h"; sourceTree = "<group>"; };
		77E7ED4E28BB123E00329BCC /* UIBlurEffect+LookinServer.h */ = {isa = PBXFileReference; fileEncoding = 4; lastKnownFileType = sourcecode.c.h; path = "UIBlurEffect+LookinServer.h"; sourceTree = "<group>"; };
		77E7ED4F28BB123E00329BCC /* UIColor+LookinServer.h */ = {isa = PBXFileReference; fileEncoding = 4; lastKnownFileType = sourcecode.c.h; path = "UIColor+LookinServer.h"; sourceTree = "<group>"; };
		77E7ED5028BB123E00329BCC /* CALayer+LookinServer.h */ = {isa = PBXFileReference; fileEncoding = 4; lastKnownFileType = sourcecode.c.h; path = "CALayer+LookinServer.h"; sourceTree = "<group>"; };
		77E7ED5128BB123E00329BCC /* UITextView+LookinServer.h */ = {isa = PBXFileReference; fileEncoding = 4; lastKnownFileType = sourcecode.c.h; path = "UITextView+LookinServer.h"; sourceTree = "<group>"; };
		77E7ED5228BB123E00329BCC /* UIImageView+LookinServer.h */ = {isa = PBXFileReference; fileEncoding = 4; lastKnownFileType = sourcecode.c.h; path = "UIImageView+LookinServer.h"; sourceTree = "<group>"; };
		77E7ED5328BB123E00329BCC /* UIGestureRecognizer+LookinServer.h */ = {isa = PBXFileReference; fileEncoding = 4; lastKnownFileType = sourcecode.c.h; path = "UIGestureRecognizer+LookinServer.h"; sourceTree = "<group>"; };
		77E7ED5428BB123E00329BCC /* UITableView+LookinServer.m */ = {isa = PBXFileReference; fileEncoding = 4; lastKnownFileType = sourcecode.c.objc; path = "UITableView+LookinServer.m"; sourceTree = "<group>"; };
		77E7ED5528BB123E00329BCC /* UIViewController+LookinServer.m */ = {isa = PBXFileReference; fileEncoding = 4; lastKnownFileType = sourcecode.c.objc; path = "UIViewController+LookinServer.m"; sourceTree = "<group>"; };
		77E7ED5628BB123E00329BCC /* UIView+LookinServer.m */ = {isa = PBXFileReference; fileEncoding = 4; lastKnownFileType = sourcecode.c.objc; path = "UIView+LookinServer.m"; sourceTree = "<group>"; };
		77E7ED5728BB123E00329BCC /* UITextField+LookinServer.m */ = {isa = PBXFileReference; fileEncoding = 4; lastKnownFileType = sourcecode.c.objc; path = "UITextField+LookinServer.m"; sourceTree = "<group>"; };
		77E7ED5828BB123E00329BCC /* UIImage+LookinServer.h */ = {isa = PBXFileReference; fileEncoding = 4; lastKnownFileType = sourcecode.c.h; path = "UIImage+LookinServer.h"; sourceTree = "<group>"; };
		77E7ED5928BB123E00329BCC /* UIVisualEffectView+LookinServer.m */ = {isa = PBXFileReference; fileEncoding = 4; lastKnownFileType = sourcecode.c.objc; path = "UIVisualEffectView+LookinServer.m"; sourceTree = "<group>"; };
		77E7ED5A28BB123E00329BCC /* UILabel+LookinServer.m */ = {isa = PBXFileReference; fileEncoding = 4; lastKnownFileType = sourcecode.c.objc; path = "UILabel+LookinServer.m"; sourceTree = "<group>"; };
		77E7ED5B28BB123E00329BCC /* UITextView+LookinServer.m */ = {isa = PBXFileReference; fileEncoding = 4; lastKnownFileType = sourcecode.c.objc; path = "UITextView+LookinServer.m"; sourceTree = "<group>"; };
		77E7ED5C28BB123E00329BCC /* CALayer+LookinServer.m */ = {isa = PBXFileReference; fileEncoding = 4; lastKnownFileType = sourcecode.c.objc; path = "CALayer+LookinServer.m"; sourceTree = "<group>"; };
		77E7ED5D28BB123E00329BCC /* UIBlurEffect+LookinServer.m */ = {isa = PBXFileReference; fileEncoding = 4; lastKnownFileType = sourcecode.c.objc; path = "UIBlurEffect+LookinServer.m"; sourceTree = "<group>"; };
		77E7ED5E28BB123E00329BCC /* UIColor+LookinServer.m */ = {isa = PBXFileReference; fileEncoding = 4; lastKnownFileType = sourcecode.c.objc; path = "UIColor+LookinServer.m"; sourceTree = "<group>"; };
		77E7ED5F28BB123E00329BCC /* NSObject+LookinServer.m */ = {isa = PBXFileReference; fileEncoding = 4; lastKnownFileType = sourcecode.c.objc; path = "NSObject+LookinServer.m"; sourceTree = "<group>"; };
		77E7ED6028BB123E00329BCC /* UIGestureRecognizer+LookinServer.m */ = {isa = PBXFileReference; fileEncoding = 4; lastKnownFileType = sourcecode.c.objc; path = "UIGestureRecognizer+LookinServer.m"; sourceTree = "<group>"; };
		77E7ED6128BB123E00329BCC /* UIImageView+LookinServer.m */ = {isa = PBXFileReference; fileEncoding = 4; lastKnownFileType = sourcecode.c.objc; path = "UIImageView+LookinServer.m"; sourceTree = "<group>"; };
		77E7ED6428BB123E00329BCC /* LKS_AttrModificationHandler.m */ = {isa = PBXFileReference; fileEncoding = 4; lastKnownFileType = sourcecode.c.objc; path = LKS_AttrModificationHandler.m; sourceTree = "<group>"; };
		77E7ED6528BB123E00329BCC /* LKS_HierarchyDetailsHandler.h */ = {isa = PBXFileReference; fileEncoding = 4; lastKnownFileType = sourcecode.c.h; path = LKS_HierarchyDetailsHandler.h; sourceTree = "<group>"; };
		77E7ED6628BB123E00329BCC /* LKS_AttrModificationPatchHandler.h */ = {isa = PBXFileReference; fileEncoding = 4; lastKnownFileType = sourcecode.c.h; path = LKS_AttrModificationPatchHandler.h; sourceTree = "<group>"; };
		77E7ED6728BB123E00329BCC /* LKS_HierarchyDetailsHandler.m */ = {isa = PBXFileReference; fileEncoding = 4; lastKnownFileType = sourcecode.c.objc; path = LKS_HierarchyDetailsHandler.m; sourceTree = "<group>"; };
		77E7ED6828BB123E00329BCC /* LKS_AttrModificationHandler.h */ = {isa = PBXFileReference; fileEncoding = 4; lastKnownFileType = sourcecode.c.h; path = LKS_AttrModificationHandler.h; sourceTree = "<group>"; };
		77E7ED6928BB123E00329BCC /* LKS_AttrModificationPatchHandler.m */ = {isa = PBXFileReference; fileEncoding = 4; lastKnownFileType = sourcecode.c.objc; path = LKS_AttrModificationPatchHandler.m; sourceTree = "<group>"; };
		77E7ED6A28BB123E00329BCC /* LKS_ConnectionManager.m */ = {isa = PBXFileReference; fileEncoding = 4; lastKnownFileType = sourcecode.c.objc; path = LKS_ConnectionManager.m; sourceTree = "<group>"; };
		77E7ED6B28BB123E00329BCC /* LKS_RequestHandler.m */ = {isa = PBXFileReference; fileEncoding = 4; lastKnownFileType = sourcecode.c.objc; path = LKS_RequestHandler.m; sourceTree = "<group>"; };
		77E7ED6C28BB123E00329BCC /* LKS_ConnectionManager.h */ = {isa = PBXFileReference; fileEncoding = 4; lastKnownFileType = sourcecode.c.h; path = LKS_ConnectionManager.h; sourceTree = "<group>"; };
		77E7ED6D28BB123E00329BCC /* LKS_RequestHandler.h */ = {isa = PBXFileReference; fileEncoding = 4; lastKnownFileType = sourcecode.c.h; path = LKS_RequestHandler.h; sourceTree = "<group>"; };
		77E7ED6F28BB123E00329BCC /* LKS_ObjectRegistry.h */ = {isa = PBXFileReference; fileEncoding = 4; lastKnownFileType = sourcecode.c.h; path = LKS_ObjectRegistry.h; sourceTree = "<group>"; };
		77E7ED7028BB123E00329BCC /* LKS_HierarchyDisplayItemsMaker.h */ = {isa = PBXFileReference; fileEncoding = 4; lastKnownFileType = sourcecode.c.h; path = LKS_HierarchyDisplayItemsMaker.h; sourceTree = "<group>"; };
		77E7ED7128BB123E00329BCC /* LKS_MethodTraceManager.h */ = {isa = PBXFileReference; fileEncoding = 4; lastKnownFileType = sourcecode.c.h; path = LKS_MethodTraceManager.h; sourceTree = "<group>"; };
		77E7ED7228BB123E00329BCC /* LookinServerDefines.h */ = {isa = PBXFileReference; fileEncoding = 4; lastKnownFileType = sourcecode.c.h; path = LookinServerDefines.h; sourceTree = "<group>"; };
		77E7ED7328BB123E00329BCC /* LKS_TraceManager.m */ = {isa = PBXFileReference; fileEncoding = 4; lastKnownFileType = sourcecode.c.objc; path = LKS_TraceManager.m; sourceTree = "<group>"; };
		77E7ED7428BB123E00329BCC /* LKS_Helper.h */ = {isa = PBXFileReference; fileEncoding = 4; lastKnownFileType = sourcecode.c.h; path = LKS_Helper.h; sourceTree = "<group>"; };
		77E7ED7528BB123E00329BCC /* LKS_AttrGroupsMaker.h */ = {isa = PBXFileReference; fileEncoding = 4; lastKnownFileType = sourcecode.c.h; path = LKS_AttrGroupsMaker.h; sourceTree = "<group>"; };
		77E7ED7628BB123E00329BCC /* LKS_EventHandlerMaker.h */ = {isa = PBXFileReference; fileEncoding = 4; lastKnownFileType = sourcecode.c.h; path = LKS_EventHandlerMaker.h; sourceTree = "<group>"; };
		77E7ED7728BB123E00329BCC /* LKS_ExportManager.m */ = {isa = PBXFileReference; fileEncoding = 4; lastKnownFileType = sourcecode.c.objc; path = LKS_ExportManager.m; sourceTree = "<group>"; };
		77E7ED7828BB123E00329BCC /* LKS_MethodTraceManager.m */ = {isa = PBXFileReference; fileEncoding = 4; lastKnownFileType = sourcecode.c.objc; path = LKS_MethodTraceManager.m; sourceTree = "<group>"; };
		77E7ED7928BB123E00329BCC /* LKS_HierarchyDisplayItemsMaker.m */ = {isa = PBXFileReference; fileEncoding = 4; lastKnownFileType = sourcecode.c.objc; path = LKS_HierarchyDisplayItemsMaker.m; sourceTree = "<group>"; };
		77E7ED7A28BB123E00329BCC /* LKS_ObjectRegistry.m */ = {isa = PBXFileReference; fileEncoding = 4; lastKnownFileType = sourcecode.c.objc; path = LKS_ObjectRegistry.m; sourceTree = "<group>"; };
		77E7ED7B28BB123E00329BCC /* LKS_TraceManager.h */ = {isa = PBXFileReference; fileEncoding = 4; lastKnownFileType = sourcecode.c.h; path = LKS_TraceManager.h; sourceTree = "<group>"; };
		77E7ED7C28BB123E00329BCC /* LKS_AttrGroupsMaker.m */ = {isa = PBXFileReference; fileEncoding = 4; lastKnownFileType = sourcecode.c.objc; path = LKS_AttrGroupsMaker.m; sourceTree = "<group>"; };
		77E7ED7D28BB123E00329BCC /* LKS_Helper.m */ = {isa = PBXFileReference; fileEncoding = 4; lastKnownFileType = sourcecode.c.objc; path = LKS_Helper.m; sourceTree = "<group>"; };
		77E7ED7E28BB123E00329BCC /* LKS_ExportManager.h */ = {isa = PBXFileReference; fileEncoding = 4; lastKnownFileType = sourcecode.c.h; path = LKS_ExportManager.h; sourceTree = "<group>"; };
		77E7ED7F28BB123E00329BCC /* LKS_EventHandlerMaker.m */ = {isa = PBXFileReference; fileEncoding = 4; lastKnownFileType = sourcecode.c.objc; path = LKS_EventHandlerMaker.m; sourceTree = "<group>"; };
		77E7ED8028BB123E00329BCC /* LookinServer.h */ = {isa = PBXFileReference; fileEncoding = 4; lastKnownFileType = sourcecode.c.h; path = LookinServer.h; sourceTree = "<group>"; };
		77E7ED8228BB123E00329BCC /* LKS_PerspectiveLayer.m */ = {isa = PBXFileReference; fileEncoding = 4; lastKnownFileType = sourcecode.c.objc; path = LKS_PerspectiveLayer.m; sourceTree = "<group>"; };
		77E7ED8328BB123E00329BCC /* LKS_PerspectiveDataSource.h */ = {isa = PBXFileReference; fileEncoding = 4; lastKnownFileType = sourcecode.c.h; path = LKS_PerspectiveDataSource.h; sourceTree = "<group>"; };
		77E7ED8428BB123E00329BCC /* LKS_PerspectiveHierarchyView.h */ = {isa = PBXFileReference; fileEncoding = 4; lastKnownFileType = sourcecode.c.h; path = LKS_PerspectiveHierarchyView.h; sourceTree = "<group>"; };
		77E7ED8528BB123E00329BCC /* LKS_PerspectiveToolbarButtons.h */ = {isa = PBXFileReference; fileEncoding = 4; lastKnownFileType = sourcecode.c.h; path = LKS_PerspectiveToolbarButtons.h; sourceTree = "<group>"; };
		77E7ED8628BB123E00329BCC /* LKS_PerspectiveManager.m */ = {isa = PBXFileReference; fileEncoding = 4; lastKnownFileType = sourcecode.c.objc; path = LKS_PerspectiveManager.m; sourceTree = "<group>"; };
		77E7ED8728BB123E00329BCC /* LKS_PerspectiveItemLayer.h */ = {isa = PBXFileReference; fileEncoding = 4; lastKnownFileType = sourcecode.c.h; path = LKS_PerspectiveItemLayer.h; sourceTree = "<group>"; };
		77E7ED8828BB123E00329BCC /* LKS_PerspectiveHierarchyCell.h */ = {isa = PBXFileReference; fileEncoding = 4; lastKnownFileType = sourcecode.c.h; path = LKS_PerspectiveHierarchyCell.h; sourceTree = "<group>"; };
		77E7ED8928BB123E00329BCC /* LKS_PerspectiveViewController.m */ = {isa = PBXFileReference; fileEncoding = 4; lastKnownFileType = sourcecode.c.objc; path = LKS_PerspectiveViewController.m; sourceTree = "<group>"; };
		77E7ED8A28BB123E00329BCC /* LKS_PerspectiveLayer.h */ = {isa = PBXFileReference; fileEncoding = 4; lastKnownFileType = sourcecode.c.h; path = LKS_PerspectiveLayer.h; sourceTree = "<group>"; };
		77E7ED8B28BB123E00329BCC /* LKS_PerspectiveToolbarButtons.m */ = {isa = PBXFileReference; fileEncoding = 4; lastKnownFileType = sourcecode.c.objc; path = LKS_PerspectiveToolbarButtons.m; sourceTree = "<group>"; };
		77E7ED8C28BB123E00329BCC /* LKS_PerspectiveHierarchyView.m */ = {isa = PBXFileReference; fileEncoding = 4; lastKnownFileType = sourcecode.c.objc; path = LKS_PerspectiveHierarchyView.m; sourceTree = "<group>"; };
		77E7ED8D28BB123E00329BCC /* LKS_PerspectiveDataSource.m */ = {isa = PBXFileReference; fileEncoding = 4; lastKnownFileType = sourcecode.c.objc; path = LKS_PerspectiveDataSource.m; sourceTree = "<group>"; };
		77E7ED8E28BB123E00329BCC /* LKS_PerspectiveViewController.h */ = {isa = PBXFileReference; fileEncoding = 4; lastKnownFileType = sourcecode.c.h; path = LKS_PerspectiveViewController.h; sourceTree = "<group>"; };
		77E7ED8F28BB123E00329BCC /* LKS_PerspectiveHierarchyCell.m */ = {isa = PBXFileReference; fileEncoding = 4; lastKnownFileType = sourcecode.c.objc; path = LKS_PerspectiveHierarchyCell.m; sourceTree = "<group>"; };
		77E7ED9028BB123E00329BCC /* LKS_PerspectiveItemLayer.m */ = {isa = PBXFileReference; fileEncoding = 4; lastKnownFileType = sourcecode.c.objc; path = LKS_PerspectiveItemLayer.m; sourceTree = "<group>"; };
		77E7ED9128BB123E00329BCC /* LKS_PerspectiveManager.h */ = {isa = PBXFileReference; fileEncoding = 4; lastKnownFileType = sourcecode.c.h; path = LKS_PerspectiveManager.h; sourceTree = "<group>"; };
		77E7ED9328BB123E00329BCC /* LookinAttribute.h */ = {isa = PBXFileReference; fileEncoding = 4; lastKnownFileType = sourcecode.c.h; path = LookinAttribute.h; sourceTree = "<group>"; };
		77E7ED9428BB123E00329BCC /* LookinDisplayItemDetail.h */ = {isa = PBXFileReference; fileEncoding = 4; lastKnownFileType = sourcecode.c.h; path = LookinDisplayItemDetail.h; sourceTree = "<group>"; };
		77E7ED9528BB123E00329BCC /* LookinAttributesGroup.m */ = {isa = PBXFileReference; fileEncoding = 4; lastKnownFileType = sourcecode.c.objc; path = LookinAttributesGroup.m; sourceTree = "<group>"; };
		77E7ED9628BB123E00329BCC /* LookinAttrType.h */ = {isa = PBXFileReference; fileEncoding = 4; lastKnownFileType = sourcecode.c.h; path = LookinAttrType.h; sourceTree = "<group>"; };
		77E7ED9728BB123E00329BCC /* LookinStaticAsyncUpdateTask.h */ = {isa = PBXFileReference; fileEncoding = 4; lastKnownFileType = sourcecode.c.h; path = LookinStaticAsyncUpdateTask.h; sourceTree = "<group>"; };
		77E7ED9828BB123E00329BCC /* LookinEventHandler.m */ = {isa = PBXFileReference; fileEncoding = 4; lastKnownFileType = sourcecode.c.objc; path = LookinEventHandler.m; sourceTree = "<group>"; };
		77E7ED9928BB123E00329BCC /* LookinDisplayItem.m */ = {isa = PBXFileReference; fileEncoding = 4; lastKnownFileType = sourcecode.c.objc; path = LookinDisplayItem.m; sourceTree = "<group>"; };
		77E7ED9A28BB123E00329BCC /* LookinIvarTrace.m */ = {isa = PBXFileReference; fileEncoding = 4; lastKnownFileType = sourcecode.c.objc; path = LookinIvarTrace.m; sourceTree = "<group>"; };
		77E7ED9C28BB123E00329BCC /* NSString+Lookin.m */ = {isa = PBXFileReference; fileEncoding = 4; lastKnownFileType = sourcecode.c.objc; path = "NSString+Lookin.m"; sourceTree = "<group>"; };
		77E7ED9D28BB123E00329BCC /* NSArray+Lookin.m */ = {isa = PBXFileReference; fileEncoding = 4; lastKnownFileType = sourcecode.c.objc; path = "NSArray+Lookin.m"; sourceTree = "<group>"; };
		77E7ED9E28BB123E00329BCC /* Image+Lookin.m */ = {isa = PBXFileReference; fileEncoding = 4; lastKnownFileType = sourcecode.c.objc; path = "Image+Lookin.m"; sourceTree = "<group>"; };
		77E7ED9F28BB123E00329BCC /* NSSet+Lookin.m */ = {isa = PBXFileReference; fileEncoding = 4; lastKnownFileType = sourcecode.c.objc; path = "NSSet+Lookin.m"; sourceTree = "<group>"; };
		77E7EDA028BB123E00329BCC /* CALayer+Lookin.m */ = {isa = PBXFileReference; fileEncoding = 4; lastKnownFileType = sourcecode.c.objc; path = "CALayer+Lookin.m"; sourceTree = "<group>"; };
		77E7EDA128BB123E00329BCC /* Color+Lookin.h */ = {isa = PBXFileReference; fileEncoding = 4; lastKnownFileType = sourcecode.c.h; path = "Color+Lookin.h"; sourceTree = "<group>"; };
		77E7EDA228BB123E00329BCC /* NSObject+Lookin.h */ = {isa = PBXFileReference; fileEncoding = 4; lastKnownFileType = sourcecode.c.h; path = "NSObject+Lookin.h"; sourceTree = "<group>"; };
		77E7EDA328BB123E00329BCC /* NSString+Lookin.h */ = {isa = PBXFileReference; fileEncoding = 4; lastKnownFileType = sourcecode.c.h; path = "NSString+Lookin.h"; sourceTree = "<group>"; };
		77E7EDA428BB123E00329BCC /* Image+Lookin.h */ = {isa = PBXFileReference; fileEncoding = 4; lastKnownFileType = sourcecode.c.h; path = "Image+Lookin.h"; sourceTree = "<group>"; };
		77E7EDA528BB123E00329BCC /* NSArray+Lookin.h */ = {isa = PBXFileReference; fileEncoding = 4; lastKnownFileType = sourcecode.c.h; path = "NSArray+Lookin.h"; sourceTree = "<group>"; };
		77E7EDA628BB123E00329BCC /* CALayer+Lookin.h */ = {isa = PBXFileReference; fileEncoding = 4; lastKnownFileType = sourcecode.c.h; path = "CALayer+Lookin.h"; sourceTree = "<group>"; };
		77E7EDA728BB123E00329BCC /* NSSet+Lookin.h */ = {isa = PBXFileReference; fileEncoding = 4; lastKnownFileType = sourcecode.c.h; path = "NSSet+Lookin.h"; sourceTree = "<group>"; };
		77E7EDA828BB123E00329BCC /* NSObject+Lookin.m */ = {isa = PBXFileReference; fileEncoding = 4; lastKnownFileType = sourcecode.c.objc; path = "NSObject+Lookin.m"; sourceTree = "<group>"; };
		77E7EDA928BB123E00329BCC /* Color+Lookin.m */ = {isa = PBXFileReference; fileEncoding = 4; lastKnownFileType = sourcecode.c.objc; path = "Color+Lookin.m"; sourceTree = "<group>"; };
		77E7EDAA28BB123E00329BCC /* LookinAttributesSection.h */ = {isa = PBXFileReference; fileEncoding = 4; lastKnownFileType = sourcecode.c.h; path = LookinAttributesSection.h; sourceTree = "<group>"; };
		77E7EDAB28BB123E00329BCC /* LookinWeakContainer.h */ = {isa = PBXFileReference; fileEncoding = 4; lastKnownFileType = sourcecode.c.h; path = LookinWeakContainer.h; sourceTree = "<group>"; };
		77E7EDAC28BB123E00329BCC /* LookinAttributeModification.h */ = {isa = PBXFileReference; fileEncoding = 4; lastKnownFileType = sourcecode.c.h; path = LookinAttributeModification.h; sourceTree = "<group>"; };
		77E7EDAD28BB123E00329BCC /* LookinMethodTraceRecord.m */ = {isa = PBXFileReference; fileEncoding = 4; lastKnownFileType = sourcecode.c.objc; path = LookinMethodTraceRecord.m; sourceTree = "<group>"; };
		77E7EDAE28BB123E00329BCC /* LookinAttrIdentifiers.h */ = {isa = PBXFileReference; fileEncoding = 4; lastKnownFileType = sourcecode.c.h; path = LookinAttrIdentifiers.h; sourceTree = "<group>"; };
		77E7EDAF28BB123E00329BCC /* LookinObject.m */ = {isa = PBXFileReference; fileEncoding = 4; lastKnownFileType = sourcecode.c.objc; path = LookinObject.m; sourceTree = "<group>"; };
		77E7EDB128BB123E00329BCC /* LookinMsgAttribute.m */ = {isa = PBXFileReference; fileEncoding = 4; lastKnownFileType = sourcecode.c.objc; path = LookinMsgAttribute.m; sourceTree = "<group>"; };
		77E7EDB228BB123E00329BCC /* LookinMsgTargetAction.m */ = {isa = PBXFileReference; fileEncoding = 4; lastKnownFileType = sourcecode.c.objc; path = LookinMsgTargetAction.m; sourceTree = "<group>"; };
		77E7EDB328BB123E00329BCC /* LookinMsgAttribute.h */ = {isa = PBXFileReference; fileEncoding = 4; lastKnownFileType = sourcecode.c.h; path = LookinMsgAttribute.h; sourceTree = "<group>"; };
		77E7EDB428BB123E00329BCC /* LookinMsgTargetAction.h */ = {isa = PBXFileReference; fileEncoding = 4; lastKnownFileType = sourcecode.c.h; path = LookinMsgTargetAction.h; sourceTree = "<group>"; };
		77E7EDB528BB123E00329BCC /* LookinHierarchyInfo.h */ = {isa = PBXFileReference; fileEncoding = 4; lastKnownFileType = sourcecode.c.h; path = LookinHierarchyInfo.h; sourceTree = "<group>"; };
		77E7EDB628BB123E00329BCC /* LookinDashboardBlueprint.h */ = {isa = PBXFileReference; fileEncoding = 4; lastKnownFileType = sourcecode.c.h; path = LookinDashboardBlueprint.h; sourceTree = "<group>"; };
		77E7EDB728BB123E00329BCC /* LookinAutoLayoutConstraint.m */ = {isa = PBXFileReference; fileEncoding = 4; lastKnownFileType = sourcecode.c.objc; path = LookinAutoLayoutConstraint.m; sourceTree = "<group>"; };
		77E7EDB828BB123E00329BCC /* LookinConnectionResponseAttachment.m */ = {isa = PBXFileReference; fileEncoding = 4; lastKnownFileType = sourcecode.c.objc; path = LookinConnectionResponseAttachment.m; sourceTree = "<group>"; };
		77E7EDB928BB123E00329BCC /* LookinTuple.m */ = {isa = PBXFileReference; fileEncoding = 4; lastKnownFileType = sourcecode.c.objc; path = LookinTuple.m; sourceTree = "<group>"; };
		77E7EDBA28BB123E00329BCC /* LookinAppInfo.m */ = {isa = PBXFileReference; fileEncoding = 4; lastKnownFileType = sourcecode.c.objc; path = LookinAppInfo.m; sourceTree = "<group>"; };
		77E7EDBB28BB123E00329BCC /* LookinHierarchyFile.m */ = {isa = PBXFileReference; fileEncoding = 4; lastKnownFileType = sourcecode.c.objc; path = LookinHierarchyFile.m; sourceTree = "<group>"; };
		77E7EDBC28BB123E00329BCC /* LookinConnectionAttachment.m */ = {isa = PBXFileReference; fileEncoding = 4; lastKnownFileType = sourcecode.c.objc; path = LookinConnectionAttachment.m; sourceTree = "<group>"; };
		77E7EDBD28BB123E00329BCC /* LookinAttributesGroup.h */ = {isa = PBXFileReference; fileEncoding = 4; lastKnownFileType = sourcecode.c.h; path = LookinAttributesGroup.h; sourceTree = "<group>"; };
		77E7EDBE28BB123E00329BCC /* LookinDisplayItemDetail.m */ = {isa = PBXFileReference; fileEncoding = 4; lastKnownFileType = sourcecode.c.objc; path = LookinDisplayItemDetail.m; sourceTree = "<group>"; };
		77E7EDC028BB123E00329BCC /* Lookin_PTChannel.m */ = {isa = PBXFileReference; fileEncoding = 4; lastKnownFileType = sourcecode.c.objc; path = Lookin_PTChannel.m; sourceTree = "<group>"; };
		77E7EDC128BB123E00329BCC /* Lookin_PTUSBHub.h */ = {isa = PBXFileReference; fileEncoding = 4; lastKnownFileType = sourcecode.c.h; path = Lookin_PTUSBHub.h; sourceTree = "<group>"; };
		77E7EDC228BB123E00329BCC /* Lookin_PTProtocol.m */ = {isa = PBXFileReference; fileEncoding = 4; lastKnownFileType = sourcecode.c.objc; path = Lookin_PTProtocol.m; sourceTree = "<group>"; };
		77E7EDC328BB123E00329BCC /* Peertalk.h */ = {isa = PBXFileReference; fileEncoding = 4; lastKnownFileType = sourcecode.c.h; path = Peertalk.h; sourceTree = "<group>"; };
		77E7EDC428BB123E00329BCC /* Lookin_PTUSBHub.m */ = {isa = PBXFileReference; fileEncoding = 4; lastKnownFileType = sourcecode.c.objc; path = Lookin_PTUSBHub.m; sourceTree = "<group>"; };
		77E7EDC528BB123E00329BCC /* Lookin_PTChannel.h */ = {isa = PBXFileReference; fileEncoding = 4; lastKnownFileType = sourcecode.c.h; path = Lookin_PTChannel.h; sourceTree = "<group>"; };
		77E7EDC628BB123E00329BCC /* Lookin_PTProtocol.h */ = {isa = PBXFileReference; fileEncoding = 4; lastKnownFileType = sourcecode.c.h; path = Lookin_PTProtocol.h; sourceTree = "<group>"; };
		77E7EDC728BB123E00329BCC /* Lookin_PTPrivate.h */ = {isa = PBXFileReference; fileEncoding = 4; lastKnownFileType = sourcecode.c.h; path = Lookin_PTPrivate.h; sourceTree = "<group>"; };
		77E7EDC828BB123E00329BCC /* LookinAttribute.m */ = {isa = PBXFileReference; fileEncoding = 4; lastKnownFileType = sourcecode.c.objc; path = LookinAttribute.m; sourceTree = "<group>"; };
		77E7EDC928BB123E00329BCC /* LookinScreenshotFetchManager.h */ = {isa = PBXFileReference; fileEncoding = 4; lastKnownFileType = sourcecode.c.h; path = LookinScreenshotFetchManager.h; sourceTree = "<group>"; };
		77E7EDCA28BB123E00329BCC /* LookinIvarTrace.h */ = {isa = PBXFileReference; fileEncoding = 4; lastKnownFileType = sourcecode.c.h; path = LookinIvarTrace.h; sourceTree = "<group>"; };
		77E7EDCB28BB123E00329BCC /* LookinDisplayItem.h */ = {isa = PBXFileReference; fileEncoding = 4; lastKnownFileType = sourcecode.c.h; path = LookinDisplayItem.h; sourceTree = "<group>"; };
		77E7EDCC28BB123E00329BCC /* LookinEventHandler.h */ = {isa = PBXFileReference; fileEncoding = 4; lastKnownFileType = sourcecode.c.h; path = LookinEventHandler.h; sourceTree = "<group>"; };
		77E7EDCD28BB123E00329BCC /* LookinStaticAsyncUpdateTask.m */ = {isa = PBXFileReference; fileEncoding = 4; lastKnownFileType = sourcecode.c.objc; path = LookinStaticAsyncUpdateTask.m; sourceTree = "<group>"; };
		77E7EDCE28BB123E00329BCC /* LookinAttrIdentifiers.m */ = {isa = PBXFileReference; fileEncoding = 4; lastKnownFileType = sourcecode.c.objc; path = LookinAttrIdentifiers.m; sourceTree = "<group>"; };
		77E7EDCF28BB123E00329BCC /* LookinMethodTraceRecord.h */ = {isa = PBXFileReference; fileEncoding = 4; lastKnownFileType = sourcecode.c.h; path = LookinMethodTraceRecord.h; sourceTree = "<group>"; };
		77E7EDD028BB123E00329BCC /* LookinWeakContainer.m */ = {isa = PBXFileReference; fileEncoding = 4; lastKnownFileType = sourcecode.c.objc; path = LookinWeakContainer.m; sourceTree = "<group>"; };
		77E7EDD128BB123E00329BCC /* LookinAttributeModification.m */ = {isa = PBXFileReference; fileEncoding = 4; lastKnownFileType = sourcecode.c.objc; path = LookinAttributeModification.m; sourceTree = "<group>"; };
		77E7EDD228BB123E00329BCC /* LookinAttributesSection.m */ = {isa = PBXFileReference; fileEncoding = 4; lastKnownFileType = sourcecode.c.objc; path = LookinAttributesSection.m; sourceTree = "<group>"; };
		77E7EDD328BB123E00329BCC /* LookinHierarchyFile.h */ = {isa = PBXFileReference; fileEncoding = 4; lastKnownFileType = sourcecode.c.h; path = LookinHierarchyFile.h; sourceTree = "<group>"; };
		77E7EDD428BB123E00329BCC /* LookinConnectionAttachment.h */ = {isa = PBXFileReference; fileEncoding = 4; lastKnownFileType = sourcecode.c.h; path = LookinConnectionAttachment.h; sourceTree = "<group>"; };
		77E7EDD528BB123E00329BCC /* LookinAppInfo.h */ = {isa = PBXFileReference; fileEncoding = 4; lastKnownFileType = sourcecode.c.h; path = LookinAppInfo.h; sourceTree = "<group>"; };
		77E7EDD628BB123E00329BCC /* LookinTuple.h */ = {isa = PBXFileReference; fileEncoding = 4; lastKnownFileType = sourcecode.c.h; path = LookinTuple.h; sourceTree = "<group>"; };
		77E7EDD728BB123E00329BCC /* LookinAutoLayoutConstraint.h */ = {isa = PBXFileReference; fileEncoding = 4; lastKnownFileType = sourcecode.c.h; path = LookinAutoLayoutConstraint.h; sourceTree = "<group>"; };
		77E7EDD828BB123E00329BCC /* LookinConnectionResponseAttachment.h */ = {isa = PBXFileReference; fileEncoding = 4; lastKnownFileType = sourcecode.c.h; path = LookinConnectionResponseAttachment.h; sourceTree = "<group>"; };
		77E7EDD928BB123E00329BCC /* LookinHierarchyInfo.m */ = {isa = PBXFileReference; fileEncoding = 4; lastKnownFileType = sourcecode.c.objc; path = LookinHierarchyInfo.m; sourceTree = "<group>"; };
		77E7EDDA28BB123E00329BCC /* LookinDashboardBlueprint.m */ = {isa = PBXFileReference; fileEncoding = 4; lastKnownFileType = sourcecode.c.objc; path = LookinDashboardBlueprint.m; sourceTree = "<group>"; };
		77E7EDDB28BB123E00329BCC /* LookinDefines.h */ = {isa = PBXFileReference; fileEncoding = 4; lastKnownFileType = sourcecode.c.h; path = LookinDefines.h; sourceTree = "<group>"; };
		77E7EDDC28BB123E00329BCC /* LookinObject.h */ = {isa = PBXFileReference; fileEncoding = 4; lastKnownFileType = sourcecode.c.h; path = LookinObject.h; sourceTree = "<group>"; };
		77E7EDDD28BB123E00329BCC /* LookinCodingValueType.h */ = {isa = PBXFileReference; fileEncoding = 4; lastKnownFileType = sourcecode.c.h; path = LookinCodingValueType.h; sourceTree = "<group>"; };
		8CEEBD93F34C030598527803 /* README.md */ = {isa = PBXFileReference; includeInIndex = 1; lastKnownFileType = net.daringfireball.markdown; name = README.md; path = ../README.md; sourceTree = "<group>"; };
		BB7FBC8B0795F88E698227D5 /* Pods-ConfigurationBasedButton_Example.release.xcconfig */ = {isa = PBXFileReference; includeInIndex = 1; lastKnownFileType = text.xcconfig; name = "Pods-ConfigurationBasedButton_Example.release.xcconfig"; path = "Target Support Files/Pods-ConfigurationBasedButton_Example/Pods-ConfigurationBasedButton_Example.release.xcconfig"; sourceTree = "<group>"; };
		CD3438F8B33DF6ADD22554C8 /* LICENSE */ = {isa = PBXFileReference; includeInIndex = 1; lastKnownFileType = text; name = LICENSE; path = ../LICENSE; sourceTree = "<group>"; };
		DB7EAFE943082EFF88E8B024 /* Pods-ConfigurationBasedButton_Tests.release.xcconfig */ = {isa = PBXFileReference; includeInIndex = 1; lastKnownFileType = text.xcconfig; name = "Pods-ConfigurationBasedButton_Tests.release.xcconfig"; path = "Target Support Files/Pods-ConfigurationBasedButton_Tests/Pods-ConfigurationBasedButton_Tests.release.xcconfig"; sourceTree = "<group>"; };
		EC4BBCEC67AFE9ADAB9E4050 /* ConfigurationBasedButton.podspec */ = {isa = PBXFileReference; includeInIndex = 1; lastKnownFileType = text; name = ConfigurationBasedButton.podspec; path = ../ConfigurationBasedButton.podspec; sourceTree = "<group>"; };
/* End PBXFileReference section */

/* Begin PBXFrameworksBuildPhase section */
		607FACCD1AFB9204008FA782 /* Frameworks */ = {
			isa = PBXFrameworksBuildPhase;
			buildActionMask = 2147483647;
			files = (
				34B71FB7B5EA1E6EC0AD84AB /* Pods_ConfigurationBasedButton_Example.framework in Frameworks */,
			);
			runOnlyForDeploymentPostprocessing = 0;
		};
		607FACE21AFB9204008FA782 /* Frameworks */ = {
			isa = PBXFrameworksBuildPhase;
			buildActionMask = 2147483647;
			files = (
				424A15BA69187A8EC93F4226 /* Pods_ConfigurationBasedButton_Tests.framework in Frameworks */,
			);
			runOnlyForDeploymentPostprocessing = 0;
		};
/* End PBXFrameworksBuildPhase section */

/* Begin PBXGroup section */
		607FACC71AFB9204008FA782 = {
			isa = PBXGroup;
			children = (
				607FACF51AFB993E008FA782 /* Podspec Metadata */,
				607FACD21AFB9204008FA782 /* Example for ConfigurationBasedButton */,
				607FACE81AFB9204008FA782 /* Tests */,
				607FACD11AFB9204008FA782 /* Products */,
				B2082832709D524D99741EDF /* Pods */,
				B6ADADCEAADDAB1429B6B32E /* Frameworks */,
			);
			sourceTree = "<group>";
		};
		607FACD11AFB9204008FA782 /* Products */ = {
			isa = PBXGroup;
			children = (
				607FACD01AFB9204008FA782 /* ConfigurationBasedButton_Example.app */,
				607FACE51AFB9204008FA782 /* ConfigurationBasedButton_Tests.xctest */,
			);
			name = Products;
			sourceTree = "<group>";
		};
		607FACD21AFB9204008FA782 /* Example for ConfigurationBasedButton */ = {
			isa = PBXGroup;
			children = (
				77E7ED3C28BB123E00329BCC /* Lookin */,
				778EAA7428B8C33F00E0460C /* Main.storyboard */,
				778EAA7228B8C32700E0460C /* ConfigurationBasedButtonViewController.swift */,
				607FACD51AFB9204008FA782 /* AppDelegate.swift */,
				607FACD71AFB9204008FA782 /* ViewController.swift */,
				607FACDC1AFB9204008FA782 /* Images.xcassets */,
				607FACDE1AFB9204008FA782 /* LaunchScreen.xib */,
				607FACD31AFB9204008FA782 /* Supporting Files */,
				778EAB5F28B8D0DC00E0460C /* BackgroundViewController.swift */,
			);
			name = "Example for ConfigurationBasedButton";
			path = ConfigurationBasedButton;
			sourceTree = "<group>";
		};
		607FACD31AFB9204008FA782 /* Supporting Files */ = {
			isa = PBXGroup;
			children = (
				607FACD41AFB9204008FA782 /* Info.plist */,
			);
			name = "Supporting Files";
			sourceTree = "<group>";
		};
		607FACE81AFB9204008FA782 /* Tests */ = {
			isa = PBXGroup;
			children = (
				607FACEB1AFB9204008FA782 /* Tests.swift */,
				607FACE91AFB9204008FA782 /* Supporting Files */,
			);
			path = Tests;
			sourceTree = "<group>";
		};
		607FACE91AFB9204008FA782 /* Supporting Files */ = {
			isa = PBXGroup;
			children = (
				607FACEA1AFB9204008FA782 /* Info.plist */,
			);
			name = "Supporting Files";
			sourceTree = "<group>";
		};
		607FACF51AFB993E008FA782 /* Podspec Metadata */ = {
			isa = PBXGroup;
			children = (
				EC4BBCEC67AFE9ADAB9E4050 /* ConfigurationBasedButton.podspec */,
				8CEEBD93F34C030598527803 /* README.md */,
				CD3438F8B33DF6ADD22554C8 /* LICENSE */,
			);
			name = "Podspec Metadata";
			sourceTree = "<group>";
		};
		77E7ED3C28BB123E00329BCC /* Lookin */ = {
			isa = PBXGroup;
			children = (
				77E7ED3D28BB123E00329BCC /* Server */,
				77E7ED9228BB123E00329BCC /* Shared */,
			);
			name = Lookin;
			path = ../../../Lookin;
			sourceTree = "<group>";
		};
		77E7ED3D28BB123E00329BCC /* Server */ = {
			isa = PBXGroup;
			children = (
				77E7ED3E28BB123E00329BCC /* Inspect */,
				77E7ED4528BB123E00329BCC /* Category */,
				77E7ED6228BB123E00329BCC /* Connection */,
				77E7ED6E28BB123E00329BCC /* Others */,
				77E7ED8028BB123E00329BCC /* LookinServer.h */,
				77E7ED8128BB123E00329BCC /* Perspective */,
			);
			path = Server;
			sourceTree = "<group>";
		};
		77E7ED3E28BB123E00329BCC /* Inspect */ = {
			isa = PBXGroup;
			children = (
				77E7ED3F28BB123E00329BCC /* LKS_LocalInspectManager.h */,
				77E7ED4028BB123E00329BCC /* LKS_LocalInspectViewController.h */,
				77E7ED4128BB123E00329BCC /* LKS_LocalInspectPanelLabelView.m */,
				77E7ED4228BB123E00329BCC /* LKS_LocalInspectManager.m */,
				77E7ED4328BB123E00329BCC /* LKS_LocalInspectViewController.m */,
				77E7ED4428BB123E00329BCC /* LKS_LocalInspectPanelLabelView.h */,
			);
			path = Inspect;
			sourceTree = "<group>";
		};
		77E7ED4528BB123E00329BCC /* Category */ = {
			isa = PBXGroup;
			children = (
				77E7ED4628BB123E00329BCC /* UIView+LookinServer.h */,
				77E7ED4728BB123E00329BCC /* UIViewController+LookinServer.h */,
				77E7ED4828BB123E00329BCC /* UITableView+LookinServer.h */,
				77E7ED4928BB123E00329BCC /* UILabel+LookinServer.h */,
				77E7ED4A28BB123E00329BCC /* UIVisualEffectView+LookinServer.h */,
				77E7ED4B28BB123E00329BCC /* UIImage+LookinServer.m */,
				77E7ED4C28BB123E00329BCC /* UITextField+LookinServer.h */,
				77E7ED4D28BB123E00329BCC /* NSObject+LookinServer.h */,
				77E7ED4E28BB123E00329BCC /* UIBlurEffect+LookinServer.h */,
				77E7ED4F28BB123E00329BCC /* UIColor+LookinServer.h */,
				77E7ED5028BB123E00329BCC /* CALayer+LookinServer.h */,
				77E7ED5128BB123E00329BCC /* UITextView+LookinServer.h */,
				77E7ED5228BB123E00329BCC /* UIImageView+LookinServer.h */,
				77E7ED5328BB123E00329BCC /* UIGestureRecognizer+LookinServer.h */,
				77E7ED5428BB123E00329BCC /* UITableView+LookinServer.m */,
				77E7ED5528BB123E00329BCC /* UIViewController+LookinServer.m */,
				77E7ED5628BB123E00329BCC /* UIView+LookinServer.m */,
				77E7ED5728BB123E00329BCC /* UITextField+LookinServer.m */,
				77E7ED5828BB123E00329BCC /* UIImage+LookinServer.h */,
				77E7ED5928BB123E00329BCC /* UIVisualEffectView+LookinServer.m */,
				77E7ED5A28BB123E00329BCC /* UILabel+LookinServer.m */,
				77E7ED5B28BB123E00329BCC /* UITextView+LookinServer.m */,
				77E7ED5C28BB123E00329BCC /* CALayer+LookinServer.m */,
				77E7ED5D28BB123E00329BCC /* UIBlurEffect+LookinServer.m */,
				77E7ED5E28BB123E00329BCC /* UIColor+LookinServer.m */,
				77E7ED5F28BB123E00329BCC /* NSObject+LookinServer.m */,
				77E7ED6028BB123E00329BCC /* UIGestureRecognizer+LookinServer.m */,
				77E7ED6128BB123E00329BCC /* UIImageView+LookinServer.m */,
			);
			path = Category;
			sourceTree = "<group>";
		};
		77E7ED6228BB123E00329BCC /* Connection */ = {
			isa = PBXGroup;
			children = (
				77E7ED6328BB123E00329BCC /* RequestHandler */,
				77E7ED6A28BB123E00329BCC /* LKS_ConnectionManager.m */,
				77E7ED6B28BB123E00329BCC /* LKS_RequestHandler.m */,
				77E7ED6C28BB123E00329BCC /* LKS_ConnectionManager.h */,
				77E7ED6D28BB123E00329BCC /* LKS_RequestHandler.h */,
			);
			path = Connection;
			sourceTree = "<group>";
		};
		77E7ED6328BB123E00329BCC /* RequestHandler */ = {
			isa = PBXGroup;
			children = (
				77E7ED6428BB123E00329BCC /* LKS_AttrModificationHandler.m */,
				77E7ED6528BB123E00329BCC /* LKS_HierarchyDetailsHandler.h */,
				77E7ED6628BB123E00329BCC /* LKS_AttrModificationPatchHandler.h */,
				77E7ED6728BB123E00329BCC /* LKS_HierarchyDetailsHandler.m */,
				77E7ED6828BB123E00329BCC /* LKS_AttrModificationHandler.h */,
				77E7ED6928BB123E00329BCC /* LKS_AttrModificationPatchHandler.m */,
			);
			path = RequestHandler;
			sourceTree = "<group>";
		};
		77E7ED6E28BB123E00329BCC /* Others */ = {
			isa = PBXGroup;
			children = (
				77E7ED6F28BB123E00329BCC /* LKS_ObjectRegistry.h */,
				77E7ED7028BB123E00329BCC /* LKS_HierarchyDisplayItemsMaker.h */,
				77E7ED7128BB123E00329BCC /* LKS_MethodTraceManager.h */,
				77E7ED7228BB123E00329BCC /* LookinServerDefines.h */,
				77E7ED7328BB123E00329BCC /* LKS_TraceManager.m */,
				77E7ED7428BB123E00329BCC /* LKS_Helper.h */,
				77E7ED7528BB123E00329BCC /* LKS_AttrGroupsMaker.h */,
				77E7ED7628BB123E00329BCC /* LKS_EventHandlerMaker.h */,
				77E7ED7728BB123E00329BCC /* LKS_ExportManager.m */,
				77E7ED7828BB123E00329BCC /* LKS_MethodTraceManager.m */,
				77E7ED7928BB123E00329BCC /* LKS_HierarchyDisplayItemsMaker.m */,
				77E7ED7A28BB123E00329BCC /* LKS_ObjectRegistry.m */,
				77E7ED7B28BB123E00329BCC /* LKS_TraceManager.h */,
				77E7ED7C28BB123E00329BCC /* LKS_AttrGroupsMaker.m */,
				77E7ED7D28BB123E00329BCC /* LKS_Helper.m */,
				77E7ED7E28BB123E00329BCC /* LKS_ExportManager.h */,
				77E7ED7F28BB123E00329BCC /* LKS_EventHandlerMaker.m */,
			);
			path = Others;
			sourceTree = "<group>";
		};
		77E7ED8128BB123E00329BCC /* Perspective */ = {
			isa = PBXGroup;
			children = (
				77E7ED8228BB123E00329BCC /* LKS_PerspectiveLayer.m */,
				77E7ED8328BB123E00329BCC /* LKS_PerspectiveDataSource.h */,
				77E7ED8428BB123E00329BCC /* LKS_PerspectiveHierarchyView.h */,
				77E7ED8528BB123E00329BCC /* LKS_PerspectiveToolbarButtons.h */,
				77E7ED8628BB123E00329BCC /* LKS_PerspectiveManager.m */,
				77E7ED8728BB123E00329BCC /* LKS_PerspectiveItemLayer.h */,
				77E7ED8828BB123E00329BCC /* LKS_PerspectiveHierarchyCell.h */,
				77E7ED8928BB123E00329BCC /* LKS_PerspectiveViewController.m */,
				77E7ED8A28BB123E00329BCC /* LKS_PerspectiveLayer.h */,
				77E7ED8B28BB123E00329BCC /* LKS_PerspectiveToolbarButtons.m */,
				77E7ED8C28BB123E00329BCC /* LKS_PerspectiveHierarchyView.m */,
				77E7ED8D28BB123E00329BCC /* LKS_PerspectiveDataSource.m */,
				77E7ED8E28BB123E00329BCC /* LKS_PerspectiveViewController.h */,
				77E7ED8F28BB123E00329BCC /* LKS_PerspectiveHierarchyCell.m */,
				77E7ED9028BB123E00329BCC /* LKS_PerspectiveItemLayer.m */,
				77E7ED9128BB123E00329BCC /* LKS_PerspectiveManager.h */,
			);
			path = Perspective;
			sourceTree = "<group>";
		};
		77E7ED9228BB123E00329BCC /* Shared */ = {
			isa = PBXGroup;
			children = (
				77E7ED9328BB123E00329BCC /* LookinAttribute.h */,
				77E7ED9428BB123E00329BCC /* LookinDisplayItemDetail.h */,
				77E7ED9528BB123E00329BCC /* LookinAttributesGroup.m */,
				77E7ED9628BB123E00329BCC /* LookinAttrType.h */,
				77E7ED9728BB123E00329BCC /* LookinStaticAsyncUpdateTask.h */,
				77E7ED9828BB123E00329BCC /* LookinEventHandler.m */,
				77E7ED9928BB123E00329BCC /* LookinDisplayItem.m */,
				77E7ED9A28BB123E00329BCC /* LookinIvarTrace.m */,
				77E7ED9B28BB123E00329BCC /* Category */,
				77E7EDAA28BB123E00329BCC /* LookinAttributesSection.h */,
				77E7EDAB28BB123E00329BCC /* LookinWeakContainer.h */,
				77E7EDAC28BB123E00329BCC /* LookinAttributeModification.h */,
				77E7EDAD28BB123E00329BCC /* LookinMethodTraceRecord.m */,
				77E7EDAE28BB123E00329BCC /* LookinAttrIdentifiers.h */,
				77E7EDAF28BB123E00329BCC /* LookinObject.m */,
				77E7EDB028BB123E00329BCC /* Message */,
				77E7EDB528BB123E00329BCC /* LookinHierarchyInfo.h */,
				77E7EDB628BB123E00329BCC /* LookinDashboardBlueprint.h */,
				77E7EDB728BB123E00329BCC /* LookinAutoLayoutConstraint.m */,
				77E7EDB828BB123E00329BCC /* LookinConnectionResponseAttachment.m */,
				77E7EDB928BB123E00329BCC /* LookinTuple.m */,
				77E7EDBA28BB123E00329BCC /* LookinAppInfo.m */,
				77E7EDBB28BB123E00329BCC /* LookinHierarchyFile.m */,
				77E7EDBC28BB123E00329BCC /* LookinConnectionAttachment.m */,
				77E7EDBD28BB123E00329BCC /* LookinAttributesGroup.h */,
				77E7EDBE28BB123E00329BCC /* LookinDisplayItemDetail.m */,
				77E7EDBF28BB123E00329BCC /* Peertalk */,
				77E7EDC828BB123E00329BCC /* LookinAttribute.m */,
				77E7EDC928BB123E00329BCC /* LookinScreenshotFetchManager.h */,
				77E7EDCA28BB123E00329BCC /* LookinIvarTrace.h */,
				77E7EDCB28BB123E00329BCC /* LookinDisplayItem.h */,
				77E7EDCC28BB123E00329BCC /* LookinEventHandler.h */,
				77E7EDCD28BB123E00329BCC /* LookinStaticAsyncUpdateTask.m */,
				77E7EDCE28BB123E00329BCC /* LookinAttrIdentifiers.m */,
				77E7EDCF28BB123E00329BCC /* LookinMethodTraceRecord.h */,
				77E7EDD028BB123E00329BCC /* LookinWeakContainer.m */,
				77E7EDD128BB123E00329BCC /* LookinAttributeModification.m */,
				77E7EDD228BB123E00329BCC /* LookinAttributesSection.m */,
				77E7EDD328BB123E00329BCC /* LookinHierarchyFile.h */,
				77E7EDD428BB123E00329BCC /* LookinConnectionAttachment.h */,
				77E7EDD528BB123E00329BCC /* LookinAppInfo.h */,
				77E7EDD628BB123E00329BCC /* LookinTuple.h */,
				77E7EDD728BB123E00329BCC /* LookinAutoLayoutConstraint.h */,
				77E7EDD828BB123E00329BCC /* LookinConnectionResponseAttachment.h */,
				77E7EDD928BB123E00329BCC /* LookinHierarchyInfo.m */,
				77E7EDDA28BB123E00329BCC /* LookinDashboardBlueprint.m */,
				77E7EDDB28BB123E00329BCC /* LookinDefines.h */,
				77E7EDDC28BB123E00329BCC /* LookinObject.h */,
				77E7EDDD28BB123E00329BCC /* LookinCodingValueType.h */,
			);
			path = Shared;
			sourceTree = "<group>";
		};
		77E7ED9B28BB123E00329BCC /* Category */ = {
			isa = PBXGroup;
			children = (
				77E7ED9C28BB123E00329BCC /* NSString+Lookin.m */,
				77E7ED9D28BB123E00329BCC /* NSArray+Lookin.m */,
				77E7ED9E28BB123E00329BCC /* Image+Lookin.m */,
				77E7ED9F28BB123E00329BCC /* NSSet+Lookin.m */,
				77E7EDA028BB123E00329BCC /* CALayer+Lookin.m */,
				77E7EDA128BB123E00329BCC /* Color+Lookin.h */,
				77E7EDA228BB123E00329BCC /* NSObject+Lookin.h */,
				77E7EDA328BB123E00329BCC /* NSString+Lookin.h */,
				77E7EDA428BB123E00329BCC /* Image+Lookin.h */,
				77E7EDA528BB123E00329BCC /* NSArray+Lookin.h */,
				77E7EDA628BB123E00329BCC /* CALayer+Lookin.h */,
				77E7EDA728BB123E00329BCC /* NSSet+Lookin.h */,
				77E7EDA828BB123E00329BCC /* NSObject+Lookin.m */,
				77E7EDA928BB123E00329BCC /* Color+Lookin.m */,
			);
			path = Category;
			sourceTree = "<group>";
		};
		77E7EDB028BB123E00329BCC /* Message */ = {
			isa = PBXGroup;
			children = (
				77E7EDB128BB123E00329BCC /* LookinMsgAttribute.m */,
				77E7EDB228BB123E00329BCC /* LookinMsgTargetAction.m */,
				77E7EDB328BB123E00329BCC /* LookinMsgAttribute.h */,
				77E7EDB428BB123E00329BCC /* LookinMsgTargetAction.h */,
			);
			path = Message;
			sourceTree = "<group>";
		};
		77E7EDBF28BB123E00329BCC /* Peertalk */ = {
			isa = PBXGroup;
			children = (
				77E7EDC028BB123E00329BCC /* Lookin_PTChannel.m */,
				77E7EDC128BB123E00329BCC /* Lookin_PTUSBHub.h */,
				77E7EDC228BB123E00329BCC /* Lookin_PTProtocol.m */,
				77E7EDC328BB123E00329BCC /* Peertalk.h */,
				77E7EDC428BB123E00329BCC /* Lookin_PTUSBHub.m */,
				77E7EDC528BB123E00329BCC /* Lookin_PTChannel.h */,
				77E7EDC628BB123E00329BCC /* Lookin_PTProtocol.h */,
				77E7EDC728BB123E00329BCC /* Lookin_PTPrivate.h */,
			);
			path = Peertalk;
			sourceTree = "<group>";
		};
		B2082832709D524D99741EDF /* Pods */ = {
			isa = PBXGroup;
			children = (
				2C292FD8DE27F154A4203B41 /* Pods-ConfigurationBasedButton_Example.debug.xcconfig */,
				BB7FBC8B0795F88E698227D5 /* Pods-ConfigurationBasedButton_Example.release.xcconfig */,
				0552D7C451CBCBEE8758003D /* Pods-ConfigurationBasedButton_Tests.debug.xcconfig */,
				DB7EAFE943082EFF88E8B024 /* Pods-ConfigurationBasedButton_Tests.release.xcconfig */,
			);
			path = Pods;
			sourceTree = "<group>";
		};
		B6ADADCEAADDAB1429B6B32E /* Frameworks */ = {
			isa = PBXGroup;
			children = (
				394603F67ACF25B85832615A /* Pods_ConfigurationBasedButton_Example.framework */,
				3424C853402EF2F16808B7BD /* Pods_ConfigurationBasedButton_Tests.framework */,
			);
			name = Frameworks;
			sourceTree = "<group>";
		};
/* End PBXGroup section */

/* Begin PBXNativeTarget section */
		607FACCF1AFB9204008FA782 /* ConfigurationBasedButton_Example */ = {
			isa = PBXNativeTarget;
			buildConfigurationList = 607FACEF1AFB9204008FA782 /* Build configuration list for PBXNativeTarget "ConfigurationBasedButton_Example" */;
			buildPhases = (
				133A07953217CFF02E7E2399 /* [CP] Check Pods Manifest.lock */,
				607FACCC1AFB9204008FA782 /* Sources */,
				607FACCD1AFB9204008FA782 /* Frameworks */,
				607FACCE1AFB9204008FA782 /* Resources */,
				4F57C7F1C9C92F15D05BCA26 /* [CP] Embed Pods Frameworks */,
			);
			buildRules = (
			);
			dependencies = (
			);
			name = ConfigurationBasedButton_Example;
			productName = ConfigurationBasedButton;
			productReference = 607FACD01AFB9204008FA782 /* ConfigurationBasedButton_Example.app */;
			productType = "com.apple.product-type.application";
		};
		607FACE41AFB9204008FA782 /* ConfigurationBasedButton_Tests */ = {
			isa = PBXNativeTarget;
			buildConfigurationList = 607FACF21AFB9204008FA782 /* Build configuration list for PBXNativeTarget "ConfigurationBasedButton_Tests" */;
			buildPhases = (
				85F1CB57F22644BED563232E /* [CP] Check Pods Manifest.lock */,
				607FACE11AFB9204008FA782 /* Sources */,
				607FACE21AFB9204008FA782 /* Frameworks */,
				607FACE31AFB9204008FA782 /* Resources */,
				217CCD2DF6A94BA3CE378248 /* [CP] Embed Pods Frameworks */,
			);
			buildRules = (
			);
			dependencies = (
				607FACE71AFB9204008FA782 /* PBXTargetDependency */,
			);
			name = ConfigurationBasedButton_Tests;
			productName = Tests;
			productReference = 607FACE51AFB9204008FA782 /* ConfigurationBasedButton_Tests.xctest */;
			productType = "com.apple.product-type.bundle.unit-test";
		};
/* End PBXNativeTarget section */

/* Begin PBXProject section */
		607FACC81AFB9204008FA782 /* Project object */ = {
			isa = PBXProject;
			attributes = {
				LastSwiftUpdateCheck = 0830;
				LastUpgradeCheck = 0830;
				ORGANIZATIONNAME = CocoaPods;
				TargetAttributes = {
					607FACCF1AFB9204008FA782 = {
						CreatedOnToolsVersion = 6.3.1;
						LastSwiftMigration = 0900;
					};
					607FACE41AFB9204008FA782 = {
						CreatedOnToolsVersion = 6.3.1;
						LastSwiftMigration = 0900;
						TestTargetID = 607FACCF1AFB9204008FA782;
					};
				};
			};
			buildConfigurationList = 607FACCB1AFB9204008FA782 /* Build configuration list for PBXProject "ConfigurationBasedButton" */;
			compatibilityVersion = "Xcode 3.2";
			developmentRegion = English;
			hasScannedForEncodings = 0;
			knownRegions = (
				English,
				en,
				Base,
			);
			mainGroup = 607FACC71AFB9204008FA782;
			productRefGroup = 607FACD11AFB9204008FA782 /* Products */;
			projectDirPath = "";
			projectRoot = "";
			targets = (
				607FACCF1AFB9204008FA782 /* ConfigurationBasedButton_Example */,
				607FACE41AFB9204008FA782 /* ConfigurationBasedButton_Tests */,
			);
		};
/* End PBXProject section */

/* Begin PBXResourcesBuildPhase section */
		607FACCE1AFB9204008FA782 /* Resources */ = {
			isa = PBXResourcesBuildPhase;
			buildActionMask = 2147483647;
			files = (
				778EAA7528B8C33F00E0460C /* Main.storyboard in Resources */,
				607FACE01AFB9204008FA782 /* LaunchScreen.xib in Resources */,
				607FACDD1AFB9204008FA782 /* Images.xcassets in Resources */,
			);
			runOnlyForDeploymentPostprocessing = 0;
		};
		607FACE31AFB9204008FA782 /* Resources */ = {
			isa = PBXResourcesBuildPhase;
			buildActionMask = 2147483647;
			files = (
			);
			runOnlyForDeploymentPostprocessing = 0;
		};
/* End PBXResourcesBuildPhase section */

/* Begin PBXShellScriptBuildPhase section */
		133A07953217CFF02E7E2399 /* [CP] Check Pods Manifest.lock */ = {
			isa = PBXShellScriptBuildPhase;
			buildActionMask = 2147483647;
			files = (
			);
			inputFileListPaths = (
			);
			inputPaths = (
				"${PODS_PODFILE_DIR_PATH}/Podfile.lock",
				"${PODS_ROOT}/Manifest.lock",
			);
			name = "[CP] Check Pods Manifest.lock";
			outputFileListPaths = (
			);
			outputPaths = (
				"$(DERIVED_FILE_DIR)/Pods-ConfigurationBasedButton_Example-checkManifestLockResult.txt",
			);
			runOnlyForDeploymentPostprocessing = 0;
			shellPath = /bin/sh;
			shellScript = "diff \"${PODS_PODFILE_DIR_PATH}/Podfile.lock\" \"${PODS_ROOT}/Manifest.lock\" > /dev/null\nif [ $? != 0 ] ; then\n    # print error to STDERR\n    echo \"error: The sandbox is not in sync with the Podfile.lock. Run 'pod install' or update your CocoaPods installation.\" >&2\n    exit 1\nfi\n# This output is used by Xcode 'outputs' to avoid re-running this script phase.\necho \"SUCCESS\" > \"${SCRIPT_OUTPUT_FILE_0}\"\n";
			showEnvVarsInLog = 0;
		};
		217CCD2DF6A94BA3CE378248 /* [CP] Embed Pods Frameworks */ = {
			isa = PBXShellScriptBuildPhase;
			buildActionMask = 2147483647;
			files = (
			);
			inputPaths = (
				"${PODS_ROOT}/Target Support Files/Pods-ConfigurationBasedButton_Tests/Pods-ConfigurationBasedButton_Tests-frameworks.sh",
				"${BUILT_PRODUCTS_DIR}/FBSnapshotTestCase/FBSnapshotTestCase.framework",
			);
			name = "[CP] Embed Pods Frameworks";
			outputPaths = (
				"${TARGET_BUILD_DIR}/${FRAMEWORKS_FOLDER_PATH}/FBSnapshotTestCase.framework",
			);
			runOnlyForDeploymentPostprocessing = 0;
			shellPath = /bin/sh;
			shellScript = "\"${PODS_ROOT}/Target Support Files/Pods-ConfigurationBasedButton_Tests/Pods-ConfigurationBasedButton_Tests-frameworks.sh\"\n";
			showEnvVarsInLog = 0;
		};
		4F57C7F1C9C92F15D05BCA26 /* [CP] Embed Pods Frameworks */ = {
			isa = PBXShellScriptBuildPhase;
			buildActionMask = 2147483647;
			files = (
			);
			inputPaths = (
				"${PODS_ROOT}/Target Support Files/Pods-ConfigurationBasedButton_Example/Pods-ConfigurationBasedButton_Example-frameworks.sh",
				"${BUILT_PRODUCTS_DIR}/ConfigurationBasedButton/ConfigurationBasedButton.framework",
			);
			name = "[CP] Embed Pods Frameworks";
			outputPaths = (
				"${TARGET_BUILD_DIR}/${FRAMEWORKS_FOLDER_PATH}/ConfigurationBasedButton.framework",
			);
			runOnlyForDeploymentPostprocessing = 0;
			shellPath = /bin/sh;
			shellScript = "\"${PODS_ROOT}/Target Support Files/Pods-ConfigurationBasedButton_Example/Pods-ConfigurationBasedButton_Example-frameworks.sh\"\n";
			showEnvVarsInLog = 0;
		};
		85F1CB57F22644BED563232E /* [CP] Check Pods Manifest.lock */ = {
			isa = PBXShellScriptBuildPhase;
			buildActionMask = 2147483647;
			files = (
			);
			inputFileListPaths = (
			);
			inputPaths = (
				"${PODS_PODFILE_DIR_PATH}/Podfile.lock",
				"${PODS_ROOT}/Manifest.lock",
			);
			name = "[CP] Check Pods Manifest.lock";
			outputFileListPaths = (
			);
			outputPaths = (
				"$(DERIVED_FILE_DIR)/Pods-ConfigurationBasedButton_Tests-checkManifestLockResult.txt",
			);
			runOnlyForDeploymentPostprocessing = 0;
			shellPath = /bin/sh;
			shellScript = "diff \"${PODS_PODFILE_DIR_PATH}/Podfile.lock\" \"${PODS_ROOT}/Manifest.lock\" > /dev/null\nif [ $? != 0 ] ; then\n    # print error to STDERR\n    echo \"error: The sandbox is not in sync with the Podfile.lock. Run 'pod install' or update your CocoaPods installation.\" >&2\n    exit 1\nfi\n# This output is used by Xcode 'outputs' to avoid re-running this script phase.\necho \"SUCCESS\" > \"${SCRIPT_OUTPUT_FILE_0}\"\n";
			showEnvVarsInLog = 0;
		};
/* End PBXShellScriptBuildPhase section */

/* Begin PBXSourcesBuildPhase section */
		607FACCC1AFB9204008FA782 /* Sources */ = {
			isa = PBXSourcesBuildPhase;
			buildActionMask = 2147483647;
			files = (
				77E7EDFE28BB123E00329BCC /* LKS_PerspectiveViewController.m in Sources */,
				77E7EDE928BB123E00329BCC /* CALayer+LookinServer.m in Sources */,
				77E7EE0928BB123E00329BCC /* NSArray+Lookin.m in Sources */,
				77E7EDFD28BB123E00329BCC /* LKS_PerspectiveManager.m in Sources */,
				77E7EDF128BB123E00329BCC /* LKS_AttrModificationPatchHandler.m in Sources */,
				77E7EE0328BB123E00329BCC /* LKS_PerspectiveItemLayer.m in Sources */,
				77E7EE2128BB123E00329BCC /* LookinAttributeModification.m in Sources */,
				77E7EE2428BB123E00329BCC /* LookinDashboardBlueprint.m in Sources */,
				77E7EE0C28BB123E00329BCC /* CALayer+Lookin.m in Sources */,
				77E7EE1328BB123E00329BCC /* LookinAutoLayoutConstraint.m in Sources */,
				77E7EDE128BB123E00329BCC /* UIImage+LookinServer.m in Sources */,
				77E7EE1E28BB123E00329BCC /* LookinStaticAsyncUpdateTask.m in Sources */,
				77E7EE0828BB123E00329BCC /* NSString+Lookin.m in Sources */,
				77E7EDEF28BB123E00329BCC /* LKS_AttrModificationHandler.m in Sources */,
				77E7EE0228BB123E00329BCC /* LKS_PerspectiveHierarchyCell.m in Sources */,
				77E7EDF928BB123E00329BCC /* LKS_AttrGroupsMaker.m in Sources */,
				77E7EE0728BB123E00329BCC /* LookinIvarTrace.m in Sources */,
				77E7EE1F28BB123E00329BCC /* LookinAttrIdentifiers.m in Sources */,
				77E7EDF028BB123E00329BCC /* LKS_HierarchyDetailsHandler.m in Sources */,
				77E7EDE228BB123E00329BCC /* UITableView+LookinServer.m in Sources */,
				77E7EE0E28BB123E00329BCC /* Color+Lookin.m in Sources */,
				77E7EE1828BB123E00329BCC /* LookinConnectionAttachment.m in Sources */,
				77E7EE1728BB123E00329BCC /* LookinHierarchyFile.m in Sources */,
				77E7EE0D28BB123E00329BCC /* NSObject+Lookin.m in Sources */,
				77E7EDE628BB123E00329BCC /* UIVisualEffectView+LookinServer.m in Sources */,
				77E7EE0628BB123E00329BCC /* LookinDisplayItem.m in Sources */,
				77E7EE1228BB123E00329BCC /* LookinMsgTargetAction.m in Sources */,
				77E7EE0028BB123E00329BCC /* LKS_PerspectiveHierarchyView.m in Sources */,
				77E7EE1928BB123E00329BCC /* LookinDisplayItemDetail.m in Sources */,
				77E7EE1B28BB123E00329BCC /* Lookin_PTProtocol.m in Sources */,
				77E7EE1A28BB123E00329BCC /* Lookin_PTChannel.m in Sources */,
				77E7EE2228BB123E00329BCC /* LookinAttributesSection.m in Sources */,
				77E7EE0B28BB123E00329BCC /* NSSet+Lookin.m in Sources */,
				77E7EE0F28BB123E00329BCC /* LookinMethodTraceRecord.m in Sources */,
				77E7EDF628BB123E00329BCC /* LKS_MethodTraceManager.m in Sources */,
				77E7EDFC28BB123E00329BCC /* LKS_PerspectiveLayer.m in Sources */,
				77E7EDEB28BB123E00329BCC /* UIColor+LookinServer.m in Sources */,
				77E7EE1D28BB123E00329BCC /* LookinAttribute.m in Sources */,
				77E7EE2028BB123E00329BCC /* LookinWeakContainer.m in Sources */,
				77E7EDF828BB123E00329BCC /* LKS_ObjectRegistry.m in Sources */,
				77E7EDE728BB123E00329BCC /* UILabel+LookinServer.m in Sources */,
				77E7EDE528BB123E00329BCC /* UITextField+LookinServer.m in Sources */,
				77E7EE1528BB123E00329BCC /* LookinTuple.m in Sources */,
				77E7EDDE28BB123E00329BCC /* LKS_LocalInspectPanelLabelView.m in Sources */,
				77E7EDFA28BB123E00329BCC /* LKS_Helper.m in Sources */,
				77E7EE1128BB123E00329BCC /* LookinMsgAttribute.m in Sources */,
				77E7EE1428BB123E00329BCC /* LookinConnectionResponseAttachment.m in Sources */,
				77E7EDED28BB123E00329BCC /* UIGestureRecognizer+LookinServer.m in Sources */,
				77E7EE1C28BB123E00329BCC /* Lookin_PTUSBHub.m in Sources */,
				77E7EDEE28BB123E00329BCC /* UIImageView+LookinServer.m in Sources */,
				77E7EDE428BB123E00329BCC /* UIView+LookinServer.m in Sources */,
				77E7EE1028BB123E00329BCC /* LookinObject.m in Sources */,
				77E7EDE028BB123E00329BCC /* LKS_LocalInspectViewController.m in Sources */,
				77E7EDEC28BB123E00329BCC /* NSObject+LookinServer.m in Sources */,
				77E7EDF528BB123E00329BCC /* LKS_ExportManager.m in Sources */,
				77E7EDF228BB123E00329BCC /* LKS_ConnectionManager.m in Sources */,
				77E7EDEA28BB123E00329BCC /* UIBlurEffect+LookinServer.m in Sources */,
				77E7EDF728BB123E00329BCC /* LKS_HierarchyDisplayItemsMaker.m in Sources */,
				77E7EE1628BB123E00329BCC /* LookinAppInfo.m in Sources */,
				77E7EDDF28BB123E00329BCC /* LKS_LocalInspectManager.m in Sources */,
				77E7EDE328BB123E00329BCC /* UIViewController+LookinServer.m in Sources */,
				77E7EDF428BB123E00329BCC /* LKS_TraceManager.m in Sources */,
				77E7EDFB28BB123E00329BCC /* LKS_EventHandlerMaker.m in Sources */,
				77E7EDFF28BB123E00329BCC /* LKS_PerspectiveToolbarButtons.m in Sources */,
				77E7EE2328BB123E00329BCC /* LookinHierarchyInfo.m in Sources */,
				778EAB6028B8D0DC00E0460C /* BackgroundViewController.swift in Sources */,
				607FACD81AFB9204008FA782 /* ViewController.swift in Sources */,
				77E7EDE828BB123E00329BCC /* UITextView+LookinServer.m in Sources */,
				77E7EE0428BB123E00329BCC /* LookinAttributesGroup.m in Sources */,
				77E7EE0A28BB123E00329BCC /* Image+Lookin.m in Sources */,
				77E7EE0528BB123E00329BCC /* LookinEventHandler.m in Sources */,
				77E7EE0128BB123E00329BCC /* LKS_PerspectiveDataSource.m in Sources */,
				607FACD61AFB9204008FA782 /* AppDelegate.swift in Sources */,
				778EAA7328B8C32700E0460C /* ConfigurationBasedButtonViewController.swift in Sources */,
				77E7EDF328BB123E00329BCC /* LKS_RequestHandler.m in Sources */,
			);
			runOnlyForDeploymentPostprocessing = 0;
		};
		607FACE11AFB9204008FA782 /* Sources */ = {
			isa = PBXSourcesBuildPhase;
			buildActionMask = 2147483647;
			files = (
				607FACEC1AFB9204008FA782 /* Tests.swift in Sources */,
			);
			runOnlyForDeploymentPostprocessing = 0;
		};
/* End PBXSourcesBuildPhase section */

/* Begin PBXTargetDependency section */
		607FACE71AFB9204008FA782 /* PBXTargetDependency */ = {
			isa = PBXTargetDependency;
			target = 607FACCF1AFB9204008FA782 /* ConfigurationBasedButton_Example */;
			targetProxy = 607FACE61AFB9204008FA782 /* PBXContainerItemProxy */;
		};
/* End PBXTargetDependency section */

/* Begin PBXVariantGroup section */
		607FACDE1AFB9204008FA782 /* LaunchScreen.xib */ = {
			isa = PBXVariantGroup;
			children = (
				607FACDF1AFB9204008FA782 /* Base */,
			);
			name = LaunchScreen.xib;
			sourceTree = "<group>";
		};
/* End PBXVariantGroup section */

/* Begin XCBuildConfiguration section */
		607FACED1AFB9204008FA782 /* Debug */ = {
			isa = XCBuildConfiguration;
			buildSettings = {
				ALWAYS_SEARCH_USER_PATHS = NO;
				CLANG_CXX_LANGUAGE_STANDARD = "gnu++0x";
				CLANG_CXX_LIBRARY = "libc++";
				CLANG_ENABLE_MODULES = YES;
				CLANG_ENABLE_OBJC_ARC = YES;
				CLANG_WARN_BLOCK_CAPTURE_AUTORELEASING = YES;
				CLANG_WARN_BOOL_CONVERSION = YES;
				CLANG_WARN_COMMA = YES;
				CLANG_WARN_CONSTANT_CONVERSION = YES;
				CLANG_WARN_DIRECT_OBJC_ISA_USAGE = YES_ERROR;
				CLANG_WARN_EMPTY_BODY = YES;
				CLANG_WARN_ENUM_CONVERSION = YES;
				CLANG_WARN_INFINITE_RECURSION = YES;
				CLANG_WARN_INT_CONVERSION = YES;
				CLANG_WARN_NON_LITERAL_NULL_CONVERSION = YES;
				CLANG_WARN_OBJC_LITERAL_CONVERSION = YES;
				CLANG_WARN_OBJC_ROOT_CLASS = YES_ERROR;
				CLANG_WARN_RANGE_LOOP_ANALYSIS = YES;
				CLANG_WARN_STRICT_PROTOTYPES = YES;
				CLANG_WARN_SUSPICIOUS_MOVE = YES;
				CLANG_WARN_UNREACHABLE_CODE = YES;
				CLANG_WARN__DUPLICATE_METHOD_MATCH = YES;
				"CODE_SIGN_IDENTITY[sdk=iphoneos*]" = "iPhone Developer";
				COPY_PHASE_STRIP = NO;
				DEBUG_INFORMATION_FORMAT = "dwarf-with-dsym";
				ENABLE_STRICT_OBJC_MSGSEND = YES;
				ENABLE_TESTABILITY = YES;
				GCC_C_LANGUAGE_STANDARD = gnu99;
				GCC_DYNAMIC_NO_PIC = NO;
				GCC_NO_COMMON_BLOCKS = YES;
				GCC_OPTIMIZATION_LEVEL = 0;
				GCC_PREPROCESSOR_DEFINITIONS = (
					"DEBUG=1",
					"$(inherited)",
				);
				GCC_SYMBOLS_PRIVATE_EXTERN = NO;
				GCC_WARN_64_TO_32_BIT_CONVERSION = YES;
				GCC_WARN_ABOUT_RETURN_TYPE = YES_ERROR;
				GCC_WARN_UNDECLARED_SELECTOR = YES;
				GCC_WARN_UNINITIALIZED_AUTOS = YES_AGGRESSIVE;
				GCC_WARN_UNUSED_FUNCTION = YES;
				GCC_WARN_UNUSED_VARIABLE = YES;
				IPHONEOS_DEPLOYMENT_TARGET = 15.0;
				MTL_ENABLE_DEBUG_INFO = YES;
				ONLY_ACTIVE_ARCH = YES;
				SDKROOT = iphoneos;
				SWIFT_OPTIMIZATION_LEVEL = "-Onone";
			};
			name = Debug;
		};
		607FACEE1AFB9204008FA782 /* Release */ = {
			isa = XCBuildConfiguration;
			buildSettings = {
				ALWAYS_SEARCH_USER_PATHS = NO;
				CLANG_CXX_LANGUAGE_STANDARD = "gnu++0x";
				CLANG_CXX_LIBRARY = "libc++";
				CLANG_ENABLE_MODULES = YES;
				CLANG_ENABLE_OBJC_ARC = YES;
				CLANG_WARN_BLOCK_CAPTURE_AUTORELEASING = YES;
				CLANG_WARN_BOOL_CONVERSION = YES;
				CLANG_WARN_COMMA = YES;
				CLANG_WARN_CONSTANT_CONVERSION = YES;
				CLANG_WARN_DIRECT_OBJC_ISA_USAGE = YES_ERROR;
				CLANG_WARN_EMPTY_BODY = YES;
				CLANG_WARN_ENUM_CONVERSION = YES;
				CLANG_WARN_INFINITE_RECURSION = YES;
				CLANG_WARN_INT_CONVERSION = YES;
				CLANG_WARN_NON_LITERAL_NULL_CONVERSION = YES;
				CLANG_WARN_OBJC_LITERAL_CONVERSION = YES;
				CLANG_WARN_OBJC_ROOT_CLASS = YES_ERROR;
				CLANG_WARN_RANGE_LOOP_ANALYSIS = YES;
				CLANG_WARN_STRICT_PROTOTYPES = YES;
				CLANG_WARN_SUSPICIOUS_MOVE = YES;
				CLANG_WARN_UNREACHABLE_CODE = YES;
				CLANG_WARN__DUPLICATE_METHOD_MATCH = YES;
				"CODE_SIGN_IDENTITY[sdk=iphoneos*]" = "iPhone Developer";
				COPY_PHASE_STRIP = NO;
				DEBUG_INFORMATION_FORMAT = "dwarf-with-dsym";
				ENABLE_NS_ASSERTIONS = NO;
				ENABLE_STRICT_OBJC_MSGSEND = YES;
				GCC_C_LANGUAGE_STANDARD = gnu99;
				GCC_NO_COMMON_BLOCKS = YES;
				GCC_WARN_64_TO_32_BIT_CONVERSION = YES;
				GCC_WARN_ABOUT_RETURN_TYPE = YES_ERROR;
				GCC_WARN_UNDECLARED_SELECTOR = YES;
				GCC_WARN_UNINITIALIZED_AUTOS = YES_AGGRESSIVE;
				GCC_WARN_UNUSED_FUNCTION = YES;
				GCC_WARN_UNUSED_VARIABLE = YES;
				IPHONEOS_DEPLOYMENT_TARGET = 15.0;
				MTL_ENABLE_DEBUG_INFO = NO;
				SDKROOT = iphoneos;
				SWIFT_OPTIMIZATION_LEVEL = "-Owholemodule";
				VALIDATE_PRODUCT = YES;
			};
			name = Release;
		};
		607FACF01AFB9204008FA782 /* Debug */ = {
			isa = XCBuildConfiguration;
			baseConfigurationReference = 2C292FD8DE27F154A4203B41 /* Pods-ConfigurationBasedButton_Example.debug.xcconfig */;
			buildSettings = {
				ASSETCATALOG_COMPILER_APPICON_NAME = AppIcon;
				INFOPLIST_FILE = ConfigurationBasedButton/Info.plist;
				LD_RUNPATH_SEARCH_PATHS = "$(inherited) @executable_path/Frameworks";
				MODULE_NAME = ExampleApp;
				PRODUCT_BUNDLE_IDENTIFIER = "org.cocoapods.demo.$(PRODUCT_NAME:rfc1034identifier)";
				PRODUCT_NAME = "$(TARGET_NAME)";
				SWIFT_SWIFT3_OBJC_INFERENCE = Default;
				SWIFT_VERSION = 4.0;
			};
			name = Debug;
		};
		607FACF11AFB9204008FA782 /* Release */ = {
			isa = XCBuildConfiguration;
			baseConfigurationReference = BB7FBC8B0795F88E698227D5 /* Pods-ConfigurationBasedButton_Example.release.xcconfig */;
			buildSettings = {
				ASSETCATALOG_COMPILER_APPICON_NAME = AppIcon;
				INFOPLIST_FILE = ConfigurationBasedButton/Info.plist;
				LD_RUNPATH_SEARCH_PATHS = "$(inherited) @executable_path/Frameworks";
				MODULE_NAME = ExampleApp;
				PRODUCT_BUNDLE_IDENTIFIER = "org.cocoapods.demo.$(PRODUCT_NAME:rfc1034identifier)";
				PRODUCT_NAME = "$(TARGET_NAME)";
				SWIFT_SWIFT3_OBJC_INFERENCE = Default;
				SWIFT_VERSION = 4.0;
			};
			name = Release;
		};
		607FACF31AFB9204008FA782 /* Debug */ = {
			isa = XCBuildConfiguration;
			baseConfigurationReference = 0552D7C451CBCBEE8758003D /* Pods-ConfigurationBasedButton_Tests.debug.xcconfig */;
			buildSettings = {
				FRAMEWORK_SEARCH_PATHS = (
					"$(PLATFORM_DIR)/Developer/Library/Frameworks",
					"$(inherited)",
				);
				GCC_PREPROCESSOR_DEFINITIONS = (
					"DEBUG=1",
					"$(inherited)",
				);
				INFOPLIST_FILE = Tests/Info.plist;
				LD_RUNPATH_SEARCH_PATHS = "$(inherited) @executable_path/Frameworks @loader_path/Frameworks";
				PRODUCT_BUNDLE_IDENTIFIER = "org.cocoapods.$(PRODUCT_NAME:rfc1034identifier)";
				PRODUCT_NAME = "$(TARGET_NAME)";
				SWIFT_SWIFT3_OBJC_INFERENCE = Default;
				SWIFT_VERSION = 4.0;
				TEST_HOST = "$(BUILT_PRODUCTS_DIR)/ConfigurationBasedButton_Example.app/ConfigurationBasedButton_Example";
			};
			name = Debug;
		};
		607FACF41AFB9204008FA782 /* Release */ = {
			isa = XCBuildConfiguration;
			baseConfigurationReference = DB7EAFE943082EFF88E8B024 /* Pods-ConfigurationBasedButton_Tests.release.xcconfig */;
			buildSettings = {
				FRAMEWORK_SEARCH_PATHS = (
					"$(PLATFORM_DIR)/Developer/Library/Frameworks",
					"$(inherited)",
				);
				INFOPLIST_FILE = Tests/Info.plist;
				LD_RUNPATH_SEARCH_PATHS = "$(inherited) @executable_path/Frameworks @loader_path/Frameworks";
				PRODUCT_BUNDLE_IDENTIFIER = "org.cocoapods.$(PRODUCT_NAME:rfc1034identifier)";
				PRODUCT_NAME = "$(TARGET_NAME)";
				SWIFT_SWIFT3_OBJC_INFERENCE = Default;
				SWIFT_VERSION = 4.0;
				TEST_HOST = "$(BUILT_PRODUCTS_DIR)/ConfigurationBasedButton_Example.app/ConfigurationBasedButton_Example";
			};
			name = Release;
		};
/* End XCBuildConfiguration section */

/* Begin XCConfigurationList section */
		607FACCB1AFB9204008FA782 /* Build configuration list for PBXProject "ConfigurationBasedButton" */ = {
			isa = XCConfigurationList;
			buildConfigurations = (
				607FACED1AFB9204008FA782 /* Debug */,
				607FACEE1AFB9204008FA782 /* Release */,
			);
			defaultConfigurationIsVisible = 0;
			defaultConfigurationName = Release;
		};
		607FACEF1AFB9204008FA782 /* Build configuration list for PBXNativeTarget "ConfigurationBasedButton_Example" */ = {
			isa = XCConfigurationList;
			buildConfigurations = (
				607FACF01AFB9204008FA782 /* Debug */,
				607FACF11AFB9204008FA782 /* Release */,
			);
			defaultConfigurationIsVisible = 0;
			defaultConfigurationName = Release;
		};
		607FACF21AFB9204008FA782 /* Build configuration list for PBXNativeTarget "ConfigurationBasedButton_Tests" */ = {
			isa = XCConfigurationList;
			buildConfigurations = (
				607FACF31AFB9204008FA782 /* Debug */,
				607FACF41AFB9204008FA782 /* Release */,
			);
			defaultConfigurationIsVisible = 0;
			defaultConfigurationName = Release;
		};
/* End XCConfigurationList section */
	};
	rootObject = 607FACC81AFB9204008FA782 /* Project object */;
}
